PODS:
  - SwiftFormat/CLI (0.48.17)
  - SwiftLint (0.45.0)
  - TVVLCKit (3.3.17)

DEPENDENCIES:
  - SwiftFormat/CLI
  - SwiftLint
  - TVVLCKit (~> 3.3.0)

SPEC REPOS:
  trunk:
    - SwiftFormat
    - SwiftLint
    - TVVLCKit

SPEC CHECKSUMS:
  SwiftFormat: 0a9044eb365d74d4a0a2cefa5fe44a4cbef382a7
  SwiftLint: e5c7f1fba68eccfc51509d5b2ce1699f5502e0c7
  TVVLCKit: 49e913b2e2d90ca538a84c012dd9281c7fa2cec0

PODFILE CHECKSUM: 2c6e3f45be034267d01996e06141179da229c67c

COCOAPODS: 1.11.2
