<?xml version="1.0" encoding="UTF-8"?>
<Scheme
   LastUpgradeVersion = "1310"
   version = "1.3">
   <BuildAction
      parallelizeBuildables = "YES"
      buildImplicitDependencies = "YES">
      <BuildActionEntries>
         <BuildActionEntry
            buildForTesting = "YES"
            buildForRunning = "YES"
            buildForProfiling = "YES"
            buildForArchiving = "YES"
            buildForAnalyzing = "YES">
            <BuildableReference
               BuildableIdentifier = "primary"
               BlueprintIdentifier = "FD792F0B26EA2F1A00BF2A42"
               BuildableName = "ABJC (tvOS).app"
               BlueprintName = "ABJC tvOS"
               ReferencedContainer = "container:ABJC.xcodeproj">
            </BuildableReference>
         </BuildActionEntry>
      </BuildActionEntries>
   </BuildAction>
   <TestAction
      buildConfiguration = "Debug"
      selectedDebuggerIdentifier = "Xcode.DebuggerFoundation.Debugger.LLDB"
      selectedLauncherIdentifier = "Xcode.DebuggerFoundation.Launcher.LLDB"
      shouldUseLaunchSchemeArgsEnv = "NO"
      codeCoverageEnabled = "YES"
      onlyGenerateCoverageForSpecifiedTargets = "YES"
      localizableStringsDataGatheringEnabled = "YES">
      <CommandLineArguments>
         <CommandLineArgument
            argument = "constants={\&quot;users\&quot;:{\&quot;user_hidden\&quot;:{\&quot;username\&quot;:\&quot;user_hidden\&quot;,\&quot;password\&quot;:\&quot;password\&quot;},\&quot;user_pass\&quot;:{\&quot;username\&quot;:\&quot;user_pass\&quot;,\&quot;password\&quot;:\&quot;password\&quot;},\&quot;user_nopass\&quot;:{\&quot;username\&quot;:\&quot;user_nopass\&quot;,\&quot;password\&quot;:\&quot;\&quot;}},\&quot;server\&quot;:{\&quot;path\&quot;:\&quot;path\&quot;,\&quot;host\&quot;:\&quot;localhost\&quot;,\&quot;scheme\&quot;:\&quot;http\&quot;,\&quot;port\&quot;:\&quot;8096\&quot;},\&quot;analytics\&quot;:{\&quot;uri\&quot;:\&quot;http:\\/\\/localhost:8080\\/analytics\&quot;,\&quot;key\&quot;:\&quot;\&quot;}}"
            isEnabled = "YES">
         </CommandLineArgument>
      </CommandLineArguments>
      <CodeCoverageTargets>
         <BuildableReference
            BuildableIdentifier = "primary"
            BlueprintIdentifier = "FD792F0B26EA2F1A00BF2A42"
            BuildableName = "ABJC (tvOS).app"
            BlueprintName = "ABJC tvOS"
            ReferencedContainer = "container:ABJC.xcodeproj">
         </BuildableReference>
      </CodeCoverageTargets>
      <Testables>
         <TestableReference
            skipped = "NO">
            <BuildableReference
               BuildableIdentifier = "primary"
               BlueprintIdentifier = "FD93BEFD2713439E009CCD18"
               BuildableName = "CLI Tests.xctest"
               BlueprintName = "CLI Tests"
               ReferencedContainer = "container:ABJC.xcodeproj">
            </BuildableReference>
         </TestableReference>
         <TestableReference
            skipped = "NO">
            <BuildableReference
               BuildableIdentifier = "primary"
               BlueprintIdentifier = "FDD29D6026EF92F7000EEC36"
               BuildableName = "ABJC (tvOS) UITests.xctest"
               BlueprintName = "ABJC (tvOS) UITests"
               ReferencedContainer = "container:ABJC.xcodeproj">
            </BuildableReference>
         </TestableReference>
         <TestableReference
            skipped = "YES">
            <BuildableReference
               BuildableIdentifier = "primary"
               BlueprintIdentifier = "FD6559EE26F3B1E0002A229A"
               BuildableName = "Snapshots.xctest"
               BlueprintName = "Snapshots"
               ReferencedContainer = "container:ABJC.xcodeproj">
            </BuildableReference>
         </TestableReference>
      </Testables>
   </TestAction>
   <LaunchAction
      buildConfiguration = "Debug"
      selectedDebuggerIdentifier = "Xcode.DebuggerFoundation.Debugger.LLDB"
      selectedLauncherIdentifier = "Xcode.DebuggerFoundation.Launcher.LLDB"
      launchStyle = "0"
      useCustomWorkingDirectory = "NO"
      ignoresPersistentStateOnLaunch = "NO"
      debugDocumentVersioning = "YES"
      debugServiceExtension = "internal"
      allowLocationSimulation = "YES">
      <MacroExpansion>
         <BuildableReference
            BuildableIdentifier = "primary"
            BlueprintIdentifier = "FD792F0B26EA2F1A00BF2A42"
            BuildableName = "ABJC (tvOS).app"
            BlueprintName = "ABJC tvOS"
            ReferencedContainer = "container:ABJC.xcodeproj">
         </BuildableReference>
      </MacroExpansion>
   </LaunchAction>
   <ProfileAction
      buildConfiguration = "Release"
      shouldUseLaunchSchemeArgsEnv = "YES"
      savedToolIdentifier = ""
      useCustomWorkingDirectory = "NO"
      debugDocumentVersioning = "YES">
      <MacroExpansion>
         <BuildableReference
            BuildableIdentifier = "primary"
            BlueprintIdentifier = "FD792F0B26EA2F1A00BF2A42"
            BuildableName = "ABJC (tvOS).app"
            BlueprintName = "ABJC tvOS"
            ReferencedContainer = "container:ABJC.xcodeproj">
         </BuildableReference>
      </MacroExpansion>
   </ProfileAction>
   <AnalyzeAction
      buildConfiguration = "Debug">
   </AnalyzeAction>
   <ArchiveAction
      buildConfiguration = "Release"
      revealArchiveInOrganizer = "YES">
   </ArchiveAction>
</Scheme>
