{
  "object": {
    "pins": [
      {
        "package": "ABJCAnalytics",
        "repositoryURL": "https://github.com/ABJC/Analytics",
        "state": {
          "branch": "main",
          "revision": "6a405e3a8598f36ba8db7f0ede175d48b89c2fae",
          "version": null
        }
      },
      {
        "package": "AnyCodable",
        "repositoryURL": "https://github.com/ABJC/AnyCodable",
        "state": {
          "branch": null,
          "revision": "69261f239f0fffaf51495dadc4f8483fbfe97025",
          "version": "0.6.1"
        }
      },
      {
        "package": "JellyfinAPI",
        "repositoryURL": "https://github.com/ABJC/JellyfinAPI",
        "state": {
          "branch": "main",
          "revision": "e50daf5766da3d811854da6c63d5461917277ada",
          "version": null
        }
      },
      {
        "package": "Puppy",
        "repositoryURL": "https://github.com/sushichop/Puppy",
        "state": {
          "branch": null,
          "revision": "95ce04b0e778b8d7c351876bc98bbf68328dfc9b",
          "version": "0.3.1"
        }
      },
      {
        "package": "swift-log",
        "repositoryURL": "https://github.com/apple/swift-log.git",
        "state": {
          "branch": null,
          "revision": "5d66f7ba25daf4f94100e7022febf3c75e37a6c7",
          "version": "1.4.2"
        }
      },
      {
        "package": "SwiftUICollection",
        "repositoryURL": "https://github.com/ABJC/SwiftUICollection",
        "state": {
          "branch": "master",
          "revision": "e27149382ce8ec21995069c8aab7ca83d61a3120",
          "version": null
        }
      }
    ]
  },
  "version": 1
}
