{
  "object": {
    "pins": [
      {
        "package": "URLImage",
        "repositoryURL": "https://github.com/dmytro-anokhin/url-image",
        "state": {
          "branch": null,
          "revision": "ccab89ad1cedb04f25dd4df1776dd8c8583b914a",
          "version": "2.2.5"
        }
      }
    ]
  },
  "version": 1
}
