{
  "object": {
    "pins": [
      {
        "package": "SwiftUICollection",
        "repositoryURL": "https://github.com/ABJC/SwiftUICollection",
        "state": {
          "branch": "master",
          "revision": "e27149382ce8ec21995069c8aab7ca83d61a3120",
          "version": null
        }
      },
      {
        "package": "URLImage",
        "repositoryURL": "https://github.com/dmytro-anokhin/url-image",
        "state": {
          "branch": null,
          "revision": "ee499599b1e830300cfbad4fb13c3d36cfda092f",
          "version": "3.0.1"
        }
      }
    ]
  },
  "version": 1
}
