// !$*UTF8*$!
{
	archiveVersion = 1;
	classes = {
	};
	objectVersion = 55;
	objects = {

/* Begin PBXBuildFile section */
		59C50B4A7BAF68271458827E /* Pods_ABJC_ABJCUITests.framework in Frameworks */ = {isa = PBXBuildFile; fileRef = 5F3806C44CC3E54B4D090269 /* Pods_ABJC_ABJCUITests.framework */; };
		BE51B6A6BF4A8D65E911614F /* Pods_ABJC.framework in Frameworks */ = {isa = PBXBuildFile; fileRef = A1B2728A0CEDBFEB6EB0BA8C /* Pods_ABJC.framework */; };
		FD566E2727529680002AAEA1 /* SiriRemoteWheel.swift in Sources */ = {isa = PBXBuildFile; fileRef = FD566E2627529680002AAEA1 /* SiriRemoteWheel.swift */; };
		FDDE43CB2752749C00848C46 /* ABJCApp.swift in Sources */ = {isa = PBXBuildFile; fileRef = FDDE43CA2752749C00848C46 /* ABJCApp.swift */; };
		FDDE43CF2752749D00848C46 /* Assets.xcassets in Resources */ = {isa = PBXBuildFile; fileRef = FDDE43CE2752749D00848C46 /* Assets.xcassets */; };
		FDDE43D22752749D00848C46 /* Preview Assets.xcassets in Resources */ = {isa = PBXBuildFile; fileRef = FDDE43D12752749D00848C46 /* Preview Assets.xcassets */; };
		FDDE43D42752749D00848C46 /* Persistence.swift in Sources */ = {isa = PBXBuildFile; fileRef = FDDE43D32752749D00848C46 /* Persistence.swift */; };
		FDDE43D72752749D00848C46 /* ABJC.xcdatamodeld in Sources */ = {isa = PBXBuildFile; fileRef = FDDE43D52752749D00848C46 /* ABJC.xcdatamodeld */; };
		FDDE43FA275274C100848C46 /* CoverArtMatcher.swift in Sources */ = {isa = PBXBuildFile; fileRef = FDDE43F9275274C000848C46 /* CoverArtMatcher.swift */; };
		FDDE43FE275274ED00848C46 /* BaseItemDto.swift in Sources */ = {isa = PBXBuildFile; fileRef = FDDE43FC275274ED00848C46 /* BaseItemDto.swift */; };
		FDDE43FF275274ED00848C46 /* ItemType.swift in Sources */ = {isa = PBXBuildFile; fileRef = FDDE43FD275274ED00848C46 /* ItemType.swift */; };
		FDDE4407275274F700848C46 /* DeviceProfile.swift in Sources */ = {isa = PBXBuildFile; fileRef = FDDE4401275274F600848C46 /* DeviceProfile.swift */; };
		FDDE4408275274F700848C46 /* CodecProfile.swift in Sources */ = {isa = PBXBuildFile; fileRef = FDDE4402275274F600848C46 /* CodecProfile.swift */; };
		FDDE4409275274F700848C46 /* DirectPlayProfile.swift in Sources */ = {isa = PBXBuildFile; fileRef = FDDE4403275274F600848C46 /* DirectPlayProfile.swift */; };
		FDDE440A275274F700848C46 /* PlayConstants.swift in Sources */ = {isa = PBXBuildFile; fileRef = FDDE4404275274F600848C46 /* PlayConstants.swift */; };
		FDDE440B275274F700848C46 /* Device.swift in Sources */ = {isa = PBXBuildFile; fileRef = FDDE4405275274F600848C46 /* Device.swift */; };
		FDDE440C275274F700848C46 /* TranscodingProfile.swift in Sources */ = {isa = PBXBuildFile; fileRef = FDDE4406275274F600848C46 /* TranscodingProfile.swift */; };
		FDDE44102752750F00848C46 /* VLCMediaPlayer+Tracks.swift in Sources */ = {isa = PBXBuildFile; fileRef = FDDE440E2752750F00848C46 /* VLCMediaPlayer+Tracks.swift */; };
		FDDE44112752750F00848C46 /* VLCMediaPlayerState.swift in Sources */ = {isa = PBXBuildFile; fileRef = FDDE440F2752750F00848C46 /* VLCMediaPlayerState.swift */; };
		FDDE44142752753200848C46 /* Array+get.swift in Sources */ = {isa = PBXBuildFile; fileRef = FDDE44132752753200848C46 /* Array+get.swift */; };
		FDDE44202752753F00848C46 /* AnalyticsEngines.swift in Sources */ = {isa = PBXBuildFile; fileRef = FDDE44162752753F00848C46 /* AnalyticsEngines.swift */; };
		FDDE44212752753F00848C46 /* AnalyticsEvents.swift in Sources */ = {isa = PBXBuildFile; fileRef = FDDE44172752753F00848C46 /* AnalyticsEvents.swift */; };
		FDDE44222752753F00848C46 /* ViewIdentifier.swift in Sources */ = {isa = PBXBuildFile; fileRef = FDDE44182752753F00848C46 /* ViewIdentifier.swift */; };
		FDDE44232752753F00848C46 /* AppError.swift in Sources */ = {isa = PBXBuildFile; fileRef = FDDE441A2752753F00848C46 /* AppError.swift */; };
		FDDE44242752753F00848C46 /* VLCPlayer.swift in Sources */ = {isa = PBXBuildFile; fileRef = FDDE441B2752753F00848C46 /* VLCPlayer.swift */; };
		FDDE44252752753F00848C46 /* SourceCodeAttachement.swift in Sources */ = {isa = PBXBuildFile; fileRef = FDDE441C2752753F00848C46 /* SourceCodeAttachement.swift */; };
		FDDE44262752753F00848C46 /* NetworkError.swift in Sources */ = {isa = PBXBuildFile; fileRef = FDDE441D2752753F00848C46 /* NetworkError.swift */; };
		FDDE44272752753F00848C46 /* PreferenceStore+summary.swift in Sources */ = {isa = PBXBuildFile; fileRef = FDDE441E2752753F00848C46 /* PreferenceStore+summary.swift */; };
		FDDE44282752753F00848C46 /* DeviceInfo.swift in Sources */ = {isa = PBXBuildFile; fileRef = FDDE441F2752753F00848C46 /* DeviceInfo.swift */; };
		FDDE442C2752755100848C46 /* AppConfiguration.swift in Sources */ = {isa = PBXBuildFile; fileRef = FDDE442A2752755100848C46 /* AppConfiguration.swift */; };
		FDDE442D2752755100848C46 /* AppEnvironment.swift in Sources */ = {isa = PBXBuildFile; fileRef = FDDE442B2752755100848C46 /* AppEnvironment.swift */; };
		FDDE44322752756C00848C46 /* Logger.swift in Sources */ = {isa = PBXBuildFile; fileRef = FDDE442F2752756C00848C46 /* Logger.swift */; };
		FDDE44332752756C00848C46 /* LogFormatter.swift in Sources */ = {isa = PBXBuildFile; fileRef = FDDE44302752756C00848C46 /* LogFormatter.swift */; };
		FDDE44342752756C00848C46 /* LogFileRotationDelegate.swift in Sources */ = {isa = PBXBuildFile; fileRef = FDDE44312752756C00848C46 /* LogFileRotationDelegate.swift */; };
		FDDE447B2752758A00848C46 /* ViewModifiers.swift in Sources */ = {isa = PBXBuildFile; fileRef = FDDE44372752758A00848C46 /* ViewModifiers.swift */; };
		FDDE447C2752758A00848C46 /* DragGestureActions.swift in Sources */ = {isa = PBXBuildFile; fileRef = FDDE44382752758A00848C46 /* DragGestureActions.swift */; };
		FDDE447D2752758A00848C46 /* MoveCommandModifiers.swift in Sources */ = {isa = PBXBuildFile; fileRef = FDDE44392752758A00848C46 /* MoveCommandModifiers.swift */; };
		FDDE447E2752758A00848C46 /* ImageBrightness.swift in Sources */ = {isa = PBXBuildFile; fileRef = FDDE443B2752758A00848C46 /* ImageBrightness.swift */; };
		FDDE447F2752758A00848C46 /* BlurhashDecode.swift in Sources */ = {isa = PBXBuildFile; fileRef = FDDE443C2752758A00848C46 /* BlurhashDecode.swift */; };
		FDDE44802752758A00848C46 /* MediaCardRow.swift in Sources */ = {isa = PBXBuildFile; fileRef = FDDE443F2752758A00848C46 /* MediaCardRow.swift */; };
		FDDE44812752758A00848C46 /* MediaCard.swift in Sources */ = {isa = PBXBuildFile; fileRef = FDDE44402752758A00848C46 /* MediaCard.swift */; };
		FDDE44822752758A00848C46 /* Shelf.swift in Sources */ = {isa = PBXBuildFile; fileRef = FDDE44412752758A00848C46 /* Shelf.swift */; };
		FDDE44832752758A00848C46 /* MediaViewDelegate.swift in Sources */ = {isa = PBXBuildFile; fileRef = FDDE44422752758A00848C46 /* MediaViewDelegate.swift */; };
		FDDE44842752758A00848C46 /* BackgroundGradient.swift in Sources */ = {isa = PBXBuildFile; fileRef = FDDE44442752758A00848C46 /* BackgroundGradient.swift */; };
		FDDE44852752758A00848C46 /* Blur.swift in Sources */ = {isa = PBXBuildFile; fileRef = FDDE44452752758A00848C46 /* Blur.swift */; };
		FDDE44862752758A00848C46 /* Blurhash.swift in Sources */ = {isa = PBXBuildFile; fileRef = FDDE44462752758A00848C46 /* Blurhash.swift */; };
		FDDE44872752758A00848C46 /* AsyncImg.swift in Sources */ = {isa = PBXBuildFile; fileRef = FDDE44472752758A00848C46 /* AsyncImg.swift */; };
		FDDE44882752758A00848C46 /* UserAvatarView.swift in Sources */ = {isa = PBXBuildFile; fileRef = FDDE44482752758A00848C46 /* UserAvatarView.swift */; };
		FDDE44892752758A00848C46 /* AlertObject.swift in Sources */ = {isa = PBXBuildFile; fileRef = FDDE444A2752758A00848C46 /* AlertObject.swift */; };
		FDDE448A2752758A00848C46 /* Alerts.swift in Sources */ = {isa = PBXBuildFile; fileRef = FDDE444B2752758A00848C46 /* Alerts.swift */; };
		FDDE448B2752758A00848C46 /* Alert View Extension.swift in Sources */ = {isa = PBXBuildFile; fileRef = FDDE444C2752758A00848C46 /* Alert View Extension.swift */; };
		FDDE448C2752758A00848C46 /* ButtonArea.swift in Sources */ = {isa = PBXBuildFile; fileRef = FDDE444D2752758A00848C46 /* ButtonArea.swift */; };
		FDDE448D2752758A00848C46 /* CustomButton.swift in Sources */ = {isa = PBXBuildFile; fileRef = FDDE444E2752758A00848C46 /* CustomButton.swift */; };
		FDDE448E2752758A00848C46 /* PeopleCard.swift in Sources */ = {isa = PBXBuildFile; fileRef = FDDE44502752758A00848C46 /* PeopleCard.swift */; };
		FDDE448F2752758A00848C46 /* PeopleCardRow.swift in Sources */ = {isa = PBXBuildFile; fileRef = FDDE44512752758A00848C46 /* PeopleCardRow.swift */; };
		FDDE44902752758A00848C46 /* PlayButton.swift in Sources */ = {isa = PBXBuildFile; fileRef = FDDE44522752758A00848C46 /* PlayButton.swift */; };
		FDDE44912752758A00848C46 /* MainView.swift in Sources */ = {isa = PBXBuildFile; fileRef = FDDE44532752758A00848C46 /* MainView.swift */; };
		FDDE44922752758A00848C46 /* PreferencesView.swift in Sources */ = {isa = PBXBuildFile; fileRef = FDDE44562752758A00848C46 /* PreferencesView.swift */; };
		FDDE44932752758A00848C46 /* Preferences+ClientView.swift in Sources */ = {isa = PBXBuildFile; fileRef = FDDE44572752758A00848C46 /* Preferences+ClientView.swift */; };
		FDDE44942752758A00848C46 /* PreferencesViewDelegate.swift in Sources */ = {isa = PBXBuildFile; fileRef = FDDE44582752758A00848C46 /* PreferencesViewDelegate.swift */; };
		FDDE44952752758A00848C46 /* InfoRow.swift in Sources */ = {isa = PBXBuildFile; fileRef = FDDE445A2752758A00848C46 /* InfoRow.swift */; };
		FDDE44962752758A00848C46 /* ReportAProblemView.swift in Sources */ = {isa = PBXBuildFile; fileRef = FDDE445B2752758A00848C46 /* ReportAProblemView.swift */; };
		FDDE44972752758A00848C46 /* ToggleRow.swift in Sources */ = {isa = PBXBuildFile; fileRef = FDDE445C2752758A00848C46 /* ToggleRow.swift */; };
		FDDE44982752758A00848C46 /* Preferences+InfoView.swift in Sources */ = {isa = PBXBuildFile; fileRef = FDDE445D2752758A00848C46 /* Preferences+InfoView.swift */; };
		FDDE44992752758A00848C46 /* Preferences+DebugView.swift in Sources */ = {isa = PBXBuildFile; fileRef = FDDE445E2752758A00848C46 /* Preferences+DebugView.swift */; };
		FDDE449A2752758A00848C46 /* PlayerUIView.swift in Sources */ = {isa = PBXBuildFile; fileRef = FDDE44602752758A00848C46 /* PlayerUIView.swift */; };
		FDDE449B2752758A00848C46 /* PlayerDelegate.swift in Sources */ = {isa = PBXBuildFile; fileRef = FDDE44622752758A00848C46 /* PlayerDelegate.swift */; };
		FDDE449C2752758A00848C46 /* PlayerDelegate+Actions.swift in Sources */ = {isa = PBXBuildFile; fileRef = FDDE44632752758A00848C46 /* PlayerDelegate+Actions.swift */; };
		FDDE449D2752758A00848C46 /* PlayerDelegate+PlayerControl.swift in Sources */ = {isa = PBXBuildFile; fileRef = FDDE44642752758A00848C46 /* PlayerDelegate+PlayerControl.swift */; };
		FDDE449E2752758A00848C46 /* PlayerViewContainer.swift in Sources */ = {isa = PBXBuildFile; fileRef = FDDE44652752758A00848C46 /* PlayerViewContainer.swift */; };
		FDDE449F2752758A00848C46 /* PlayerControllsView.swift in Sources */ = {isa = PBXBuildFile; fileRef = FDDE44672752758A00848C46 /* PlayerControllsView.swift */; };
		FDDE44A02752758A00848C46 /* PlaybackBar.swift in Sources */ = {isa = PBXBuildFile; fileRef = FDDE44682752758A00848C46 /* PlaybackBar.swift */; };
		FDDE44A12752758A00848C46 /* DetailView.swift in Sources */ = {isa = PBXBuildFile; fileRef = FDDE446A2752758A00848C46 /* DetailView.swift */; };
		FDDE44A22752758A00848C46 /* SeasonAndEpisodeView.swift in Sources */ = {isa = PBXBuildFile; fileRef = FDDE446B2752758A00848C46 /* SeasonAndEpisodeView.swift */; };
		FDDE44A32752758A00848C46 /* DetailViewDelegate.swift in Sources */ = {isa = PBXBuildFile; fileRef = FDDE446C2752758A00848C46 /* DetailViewDelegate.swift */; };
		FDDE44A42752758A00848C46 /* MediaCollectionView.swift in Sources */ = {isa = PBXBuildFile; fileRef = FDDE446E2752758A00848C46 /* MediaCollectionView.swift */; };
		FDDE44A52752758A00848C46 /* MediaCollectionViewDelegate.swift in Sources */ = {isa = PBXBuildFile; fileRef = FDDE446F2752758A00848C46 /* MediaCollectionViewDelegate.swift */; };
		FDDE44A62752758A00848C46 /* UpdateNotice.swift in Sources */ = {isa = PBXBuildFile; fileRef = FDDE44702752758A00848C46 /* UpdateNotice.swift */; };
		FDDE44A72752758A00848C46 /* PrivacyDisclaimer.swift in Sources */ = {isa = PBXBuildFile; fileRef = FDDE44712752758A00848C46 /* PrivacyDisclaimer.swift */; };
		FDDE44A82752758A00848C46 /* SearchView.swift in Sources */ = {isa = PBXBuildFile; fileRef = FDDE44732752758A00848C46 /* SearchView.swift */; };
		FDDE44A92752758A00848C46 /* SearchViewDelegate.swift in Sources */ = {isa = PBXBuildFile; fileRef = FDDE44742752758A00848C46 /* SearchViewDelegate.swift */; };
		FDDE44AA2752758A00848C46 /* LibraryViewDelegate.swift in Sources */ = {isa = PBXBuildFile; fileRef = FDDE44762752758A00848C46 /* LibraryViewDelegate.swift */; };
		FDDE44AB2752758A00848C46 /* LibraryView.swift in Sources */ = {isa = PBXBuildFile; fileRef = FDDE44772752758A00848C46 /* LibraryView.swift */; };
		FDDE44AC2752758A00848C46 /* AuthenticationView.swift in Sources */ = {isa = PBXBuildFile; fileRef = FDDE44792752758A00848C46 /* AuthenticationView.swift */; };
		FDDE44AD2752758A00848C46 /* AuthenticationViewDelegate.swift in Sources */ = {isa = PBXBuildFile; fileRef = FDDE447A2752758A00848C46 /* AuthenticationViewDelegate.swift */; };
		FDDE44BA2752758D00848C46 /* PosterType.swift in Sources */ = {isa = PBXBuildFile; fileRef = FDDE44B02752758D00848C46 /* PosterType.swift */; };
		FDDE44BB2752758D00848C46 /* BetaFlag.swift in Sources */ = {isa = PBXBuildFile; fileRef = FDDE44B12752758D00848C46 /* BetaFlag.swift */; };
		FDDE44BC2752758D00848C46 /* Version.swift in Sources */ = {isa = PBXBuildFile; fileRef = FDDE44B22752758D00848C46 /* Version.swift */; };
		FDDE44BD2752758D00848C46 /* Tabs.swift in Sources */ = {isa = PBXBuildFile; fileRef = FDDE44B32752758D00848C46 /* Tabs.swift */; };
		FDDE44BE2752758D00848C46 /* PreferenceStore.swift in Sources */ = {isa = PBXBuildFile; fileRef = FDDE44B42752758D00848C46 /* PreferenceStore.swift */; };
		FDDE44BF2752758D00848C46 /* CollectionGrouping.swift in Sources */ = {isa = PBXBuildFile; fileRef = FDDE44B52752758D00848C46 /* CollectionGrouping.swift */; };
		FDDE44C02752758D00848C46 /* SessionStore.swift in Sources */ = {isa = PBXBuildFile; fileRef = FDDE44B62752758D00848C46 /* SessionStore.swift */; };
		FDDE44C12752758D00848C46 /* ViewDelegate.swift in Sources */ = {isa = PBXBuildFile; fileRef = FDDE44B72752758D00848C46 /* ViewDelegate.swift */; };
		FDDE44C22752758D00848C46 /* Jellyfin.swift in Sources */ = {isa = PBXBuildFile; fileRef = FDDE44B82752758D00848C46 /* Jellyfin.swift */; };
		FDDE44C32752758D00848C46 /* Tab.swift in Sources */ = {isa = PBXBuildFile; fileRef = FDDE44B92752758D00848C46 /* Tab.swift */; };
		FDDE44C92752764200848C46 /* Constants.swift in Sources */ = {isa = PBXBuildFile; fileRef = FDDE44C62752764200848C46 /* Constants.swift */; };
		FDDE44CA2752764200848C46 /* CommandLineArguments.swift in Sources */ = {isa = PBXBuildFile; fileRef = FDDE44C72752764200848C46 /* CommandLineArguments.swift */; };
		FDDE44CB2752764200848C46 /* Constants.plist in Resources */ = {isa = PBXBuildFile; fileRef = FDDE44C82752764200848C46 /* Constants.plist */; };
		FDDE44CF2752765200848C46 /* TVServices.framework in Frameworks */ = {isa = PBXBuildFile; fileRef = FDDE44CE2752765200848C46 /* TVServices.framework */; };
		FDDE44D22752767F00848C46 /* SwiftUICollection in Frameworks */ = {isa = PBXBuildFile; productRef = FDDE44D12752767F00848C46 /* SwiftUICollection */; };
		FDDE44D52752768B00848C46 /* AnyCodable in Frameworks */ = {isa = PBXBuildFile; productRef = FDDE44D42752768B00848C46 /* AnyCodable */; };
		FDDE44D82752769200848C46 /* JellyfinAPI in Frameworks */ = {isa = PBXBuildFile; productRef = FDDE44D72752769200848C46 /* JellyfinAPI */; };
		FDDE44DB2752769F00848C46 /* ABJCAnalytics in Frameworks */ = {isa = PBXBuildFile; productRef = FDDE44DA2752769F00848C46 /* ABJCAnalytics */; };
		FDDE44DE275276AA00848C46 /* Puppy in Frameworks */ = {isa = PBXBuildFile; productRef = FDDE44DD275276AA00848C46 /* Puppy */; };
		FDDE44E32752783500848C46 /* UDPBroadcast.swift in Sources */ = {isa = PBXBuildFile; fileRef = FDDE44E12752783500848C46 /* UDPBroadcast.swift */; };
		FDDE44E42752783500848C46 /* ServerDiscovery.swift in Sources */ = {isa = PBXBuildFile; fileRef = FDDE44E22752783500848C46 /* ServerDiscovery.swift */; };
		FDDE44ED27527B4C00848C46 /* PreferencesUITests.swift in Sources */ = {isa = PBXBuildFile; fileRef = FDDE44E527527B4C00848C46 /* PreferencesUITests.swift */; };
		FDDE44EE27527B4C00848C46 /* LibraryUITests.swift in Sources */ = {isa = PBXBuildFile; fileRef = FDDE44E627527B4C00848C46 /* LibraryUITests.swift */; };
		FDDE44EF27527B4C00848C46 /* UITestConstants.swift in Sources */ = {isa = PBXBuildFile; fileRef = FDDE44E727527B4C00848C46 /* UITestConstants.swift */; };
		FDDE44F027527B4C00848C46 /* UITestExtensions.swift in Sources */ = {isa = PBXBuildFile; fileRef = FDDE44E827527B4C00848C46 /* UITestExtensions.swift */; };
		FDDE44F127527B4C00848C46 /* GeneralUITests.swift in Sources */ = {isa = PBXBuildFile; fileRef = FDDE44E927527B4C00848C46 /* GeneralUITests.swift */; };
		FDDE44F227527B4C00848C46 /* UITestHelpers.swift in Sources */ = {isa = PBXBuildFile; fileRef = FDDE44EA27527B4C00848C46 /* UITestHelpers.swift */; };
		FDDE44F327527B4C00848C46 /* PlaybackUITests.swift in Sources */ = {isa = PBXBuildFile; fileRef = FDDE44EB27527B4C00848C46 /* PlaybackUITests.swift */; };
		FDDE44F427527B4C00848C46 /* AuthenticationUITests.swift in Sources */ = {isa = PBXBuildFile; fileRef = FDDE44EC27527B4C00848C46 /* AuthenticationUITests.swift */; };
		FDDE44F827527B5D00848C46 /* Constants.plist in Resources */ = {isa = PBXBuildFile; fileRef = FDDE44C82752764200848C46 /* Constants.plist */; };
		FDDE44F927527B5D00848C46 /* CommandLineArguments.swift in Sources */ = {isa = PBXBuildFile; fileRef = FDDE44C72752764200848C46 /* CommandLineArguments.swift */; };
		FDDE44FA27527B5D00848C46 /* Constants.swift in Sources */ = {isa = PBXBuildFile; fileRef = FDDE44C62752764200848C46 /* Constants.swift */; };
		FDDE450227527B6F00848C46 /* Snapshots.swift in Sources */ = {isa = PBXBuildFile; fileRef = FDDE450127527B6F00848C46 /* Snapshots.swift */; };
		FDDE450A27527B7A00848C46 /* SnapshotHelper.swift in Sources */ = {isa = PBXBuildFile; fileRef = FDDE450827527B7900848C46 /* SnapshotHelper.swift */; };
/* End PBXBuildFile section */

/* Begin PBXContainerItemProxy section */
		FDDE43E72752749D00848C46 /* PBXContainerItemProxy */ = {
			isa = PBXContainerItemProxy;
			containerPortal = FDDE43BF2752749C00848C46 /* Project object */;
			proxyType = 1;
			remoteGlobalIDString = FDDE43C62752749C00848C46;
			remoteInfo = ABJC;
		};
/* End PBXContainerItemProxy section */

/* Begin PBXFileReference section */
		0A20BAEF03B9F5239FB5B245 /* Pods-ABJC-ABJCUITests.debug.xcconfig */ = {isa = PBXFileReference; includeInIndex = 1; lastKnownFileType = text.xcconfig; name = "Pods-ABJC-ABJCUITests.debug.xcconfig"; path = "Target Support Files/Pods-ABJC-ABJCUITests/Pods-ABJC-ABJCUITests.debug.xcconfig"; sourceTree = "<group>"; };
		2B0D4597C9EB5F053EA6E734 /* Pods-ABJCTests.debug.xcconfig */ = {isa = PBXFileReference; includeInIndex = 1; lastKnownFileType = text.xcconfig; name = "Pods-ABJCTests.debug.xcconfig"; path = "Target Support Files/Pods-ABJCTests/Pods-ABJCTests.debug.xcconfig"; sourceTree = "<group>"; };
		3694A472AC38752CBC285079 /* Pods-ABJCTests.release.xcconfig */ = {isa = PBXFileReference; includeInIndex = 1; lastKnownFileType = text.xcconfig; name = "Pods-ABJCTests.release.xcconfig"; path = "Target Support Files/Pods-ABJCTests/Pods-ABJCTests.release.xcconfig"; sourceTree = "<group>"; };
		5F3806C44CC3E54B4D090269 /* Pods_ABJC_ABJCUITests.framework */ = {isa = PBXFileReference; explicitFileType = wrapper.framework; includeInIndex = 0; path = Pods_ABJC_ABJCUITests.framework; sourceTree = BUILT_PRODUCTS_DIR; };
		9359697296F03C5927B8C942 /* Pods-ABJC.release.xcconfig */ = {isa = PBXFileReference; includeInIndex = 1; lastKnownFileType = text.xcconfig; name = "Pods-ABJC.release.xcconfig"; path = "Target Support Files/Pods-ABJC/Pods-ABJC.release.xcconfig"; sourceTree = "<group>"; };
		A1B2728A0CEDBFEB6EB0BA8C /* Pods_ABJC.framework */ = {isa = PBXFileReference; explicitFileType = wrapper.framework; includeInIndex = 0; path = Pods_ABJC.framework; sourceTree = BUILT_PRODUCTS_DIR; };
		DEA01BFA8973FEBD4093A600 /* Pods_ABJCTests.framework */ = {isa = PBXFileReference; explicitFileType = wrapper.framework; includeInIndex = 0; path = Pods_ABJCTests.framework; sourceTree = BUILT_PRODUCTS_DIR; };
		E53633B0A9B385512FA4366A /* Pods-ABJC-ABJCUITests.release.xcconfig */ = {isa = PBXFileReference; includeInIndex = 1; lastKnownFileType = text.xcconfig; name = "Pods-ABJC-ABJCUITests.release.xcconfig"; path = "Target Support Files/Pods-ABJC-ABJCUITests/Pods-ABJC-ABJCUITests.release.xcconfig"; sourceTree = "<group>"; };
		FD566E2627529680002AAEA1 /* SiriRemoteWheel.swift */ = {isa = PBXFileReference; lastKnownFileType = sourcecode.swift; path = SiriRemoteWheel.swift; sourceTree = "<group>"; };
		FDA36D982753D5090051718A /* Info.plist */ = {isa = PBXFileReference; lastKnownFileType = text.plist; path = Info.plist; sourceTree = "<group>"; };
		FDDE43C72752749C00848C46 /* ABJC.app */ = {isa = PBXFileReference; explicitFileType = wrapper.application; includeInIndex = 0; path = ABJC.app; sourceTree = BUILT_PRODUCTS_DIR; };
		FDDE43CA2752749C00848C46 /* ABJCApp.swift */ = {isa = PBXFileReference; lastKnownFileType = sourcecode.swift; path = ABJCApp.swift; sourceTree = "<group>"; };
		FDDE43CE2752749D00848C46 /* Assets.xcassets */ = {isa = PBXFileReference; lastKnownFileType = folder.assetcatalog; path = Assets.xcassets; sourceTree = "<group>"; };
		FDDE43D12752749D00848C46 /* Preview Assets.xcassets */ = {isa = PBXFileReference; lastKnownFileType = folder.assetcatalog; path = "Preview Assets.xcassets"; sourceTree = "<group>"; };
		FDDE43D32752749D00848C46 /* Persistence.swift */ = {isa = PBXFileReference; lastKnownFileType = sourcecode.swift; path = Persistence.swift; sourceTree = "<group>"; };
		FDDE43D62752749D00848C46 /* ABJC.xcdatamodel */ = {isa = PBXFileReference; lastKnownFileType = wrapper.xcdatamodel; path = ABJC.xcdatamodel; sourceTree = "<group>"; };
		FDDE43E02752749D00848C46 /* ABJCTests.swift */ = {isa = PBXFileReference; lastKnownFileType = sourcecode.swift; path = ABJCTests.swift; sourceTree = "<group>"; };
		FDDE43E62752749D00848C46 /* ABJCUITests.xctest */ = {isa = PBXFileReference; explicitFileType = wrapper.cfbundle; includeInIndex = 0; path = ABJCUITests.xctest; sourceTree = BUILT_PRODUCTS_DIR; };
		FDDE43F9275274C000848C46 /* CoverArtMatcher.swift */ = {isa = PBXFileReference; fileEncoding = 4; lastKnownFileType = sourcecode.swift; path = CoverArtMatcher.swift; sourceTree = "<group>"; };
		FDDE43FC275274ED00848C46 /* BaseItemDto.swift */ = {isa = PBXFileReference; fileEncoding = 4; lastKnownFileType = sourcecode.swift; path = BaseItemDto.swift; sourceTree = "<group>"; };
		FDDE43FD275274ED00848C46 /* ItemType.swift */ = {isa = PBXFileReference; fileEncoding = 4; lastKnownFileType = sourcecode.swift; path = ItemType.swift; sourceTree = "<group>"; };
		FDDE4401275274F600848C46 /* DeviceProfile.swift */ = {isa = PBXFileReference; fileEncoding = 4; lastKnownFileType = sourcecode.swift; path = DeviceProfile.swift; sourceTree = "<group>"; };
		FDDE4402275274F600848C46 /* CodecProfile.swift */ = {isa = PBXFileReference; fileEncoding = 4; lastKnownFileType = sourcecode.swift; path = CodecProfile.swift; sourceTree = "<group>"; };
		FDDE4403275274F600848C46 /* DirectPlayProfile.swift */ = {isa = PBXFileReference; fileEncoding = 4; lastKnownFileType = sourcecode.swift; path = DirectPlayProfile.swift; sourceTree = "<group>"; };
		FDDE4404275274F600848C46 /* PlayConstants.swift */ = {isa = PBXFileReference; fileEncoding = 4; lastKnownFileType = sourcecode.swift; path = PlayConstants.swift; sourceTree = "<group>"; };
		FDDE4405275274F600848C46 /* Device.swift */ = {isa = PBXFileReference; fileEncoding = 4; lastKnownFileType = sourcecode.swift; path = Device.swift; sourceTree = "<group>"; };
		FDDE4406275274F600848C46 /* TranscodingProfile.swift */ = {isa = PBXFileReference; fileEncoding = 4; lastKnownFileType = sourcecode.swift; path = TranscodingProfile.swift; sourceTree = "<group>"; };
		FDDE440E2752750F00848C46 /* VLCMediaPlayer+Tracks.swift */ = {isa = PBXFileReference; fileEncoding = 4; lastKnownFileType = sourcecode.swift; path = "VLCMediaPlayer+Tracks.swift"; sourceTree = "<group>"; };
		FDDE440F2752750F00848C46 /* VLCMediaPlayerState.swift */ = {isa = PBXFileReference; fileEncoding = 4; lastKnownFileType = sourcecode.swift; path = VLCMediaPlayerState.swift; sourceTree = "<group>"; };
		FDDE44132752753200848C46 /* Array+get.swift */ = {isa = PBXFileReference; fileEncoding = 4; lastKnownFileType = sourcecode.swift; path = "Array+get.swift"; sourceTree = "<group>"; };
		FDDE44162752753F00848C46 /* AnalyticsEngines.swift */ = {isa = PBXFileReference; fileEncoding = 4; lastKnownFileType = sourcecode.swift; path = AnalyticsEngines.swift; sourceTree = "<group>"; };
		FDDE44172752753F00848C46 /* AnalyticsEvents.swift */ = {isa = PBXFileReference; fileEncoding = 4; lastKnownFileType = sourcecode.swift; path = AnalyticsEvents.swift; sourceTree = "<group>"; };
		FDDE44182752753F00848C46 /* ViewIdentifier.swift */ = {isa = PBXFileReference; fileEncoding = 4; lastKnownFileType = sourcecode.swift; path = ViewIdentifier.swift; sourceTree = "<group>"; };
		FDDE441A2752753F00848C46 /* AppError.swift */ = {isa = PBXFileReference; fileEncoding = 4; lastKnownFileType = sourcecode.swift; path = AppError.swift; sourceTree = "<group>"; };
		FDDE441B2752753F00848C46 /* VLCPlayer.swift */ = {isa = PBXFileReference; fileEncoding = 4; lastKnownFileType = sourcecode.swift; path = VLCPlayer.swift; sourceTree = "<group>"; };
		FDDE441C2752753F00848C46 /* SourceCodeAttachement.swift */ = {isa = PBXFileReference; fileEncoding = 4; lastKnownFileType = sourcecode.swift; path = SourceCodeAttachement.swift; sourceTree = "<group>"; };
		FDDE441D2752753F00848C46 /* NetworkError.swift */ = {isa = PBXFileReference; fileEncoding = 4; lastKnownFileType = sourcecode.swift; path = NetworkError.swift; sourceTree = "<group>"; };
		FDDE441E2752753F00848C46 /* PreferenceStore+summary.swift */ = {isa = PBXFileReference; fileEncoding = 4; lastKnownFileType = sourcecode.swift; path = "PreferenceStore+summary.swift"; sourceTree = "<group>"; };
		FDDE441F2752753F00848C46 /* DeviceInfo.swift */ = {isa = PBXFileReference; fileEncoding = 4; lastKnownFileType = sourcecode.swift; path = DeviceInfo.swift; sourceTree = "<group>"; };
		FDDE442A2752755100848C46 /* AppConfiguration.swift */ = {isa = PBXFileReference; fileEncoding = 4; lastKnownFileType = sourcecode.swift; path = AppConfiguration.swift; sourceTree = "<group>"; };
		FDDE442B2752755100848C46 /* AppEnvironment.swift */ = {isa = PBXFileReference; fileEncoding = 4; lastKnownFileType = sourcecode.swift; path = AppEnvironment.swift; sourceTree = "<group>"; };
		FDDE442F2752756C00848C46 /* Logger.swift */ = {isa = PBXFileReference; fileEncoding = 4; lastKnownFileType = sourcecode.swift; path = Logger.swift; sourceTree = "<group>"; };
		FDDE44302752756C00848C46 /* LogFormatter.swift */ = {isa = PBXFileReference; fileEncoding = 4; lastKnownFileType = sourcecode.swift; path = LogFormatter.swift; sourceTree = "<group>"; };
		FDDE44312752756C00848C46 /* LogFileRotationDelegate.swift */ = {isa = PBXFileReference; fileEncoding = 4; lastKnownFileType = sourcecode.swift; path = LogFileRotationDelegate.swift; sourceTree = "<group>"; };
		FDDE44372752758A00848C46 /* ViewModifiers.swift */ = {isa = PBXFileReference; fileEncoding = 4; lastKnownFileType = sourcecode.swift; path = ViewModifiers.swift; sourceTree = "<group>"; };
		FDDE44382752758A00848C46 /* DragGestureActions.swift */ = {isa = PBXFileReference; fileEncoding = 4; lastKnownFileType = sourcecode.swift; path = DragGestureActions.swift; sourceTree = "<group>"; };
		FDDE44392752758A00848C46 /* MoveCommandModifiers.swift */ = {isa = PBXFileReference; fileEncoding = 4; lastKnownFileType = sourcecode.swift; path = MoveCommandModifiers.swift; sourceTree = "<group>"; };
		FDDE443B2752758A00848C46 /* ImageBrightness.swift */ = {isa = PBXFileReference; fileEncoding = 4; lastKnownFileType = sourcecode.swift; path = ImageBrightness.swift; sourceTree = "<group>"; };
		FDDE443C2752758A00848C46 /* BlurhashDecode.swift */ = {isa = PBXFileReference; fileEncoding = 4; lastKnownFileType = sourcecode.swift; path = BlurhashDecode.swift; sourceTree = "<group>"; };
		FDDE443F2752758A00848C46 /* MediaCardRow.swift */ = {isa = PBXFileReference; fileEncoding = 4; lastKnownFileType = sourcecode.swift; path = MediaCardRow.swift; sourceTree = "<group>"; };
		FDDE44402752758A00848C46 /* MediaCard.swift */ = {isa = PBXFileReference; fileEncoding = 4; lastKnownFileType = sourcecode.swift; path = MediaCard.swift; sourceTree = "<group>"; };
		FDDE44412752758A00848C46 /* Shelf.swift */ = {isa = PBXFileReference; fileEncoding = 4; lastKnownFileType = sourcecode.swift; path = Shelf.swift; sourceTree = "<group>"; };
		FDDE44422752758A00848C46 /* MediaViewDelegate.swift */ = {isa = PBXFileReference; fileEncoding = 4; lastKnownFileType = sourcecode.swift; path = MediaViewDelegate.swift; sourceTree = "<group>"; };
		FDDE44442752758A00848C46 /* BackgroundGradient.swift */ = {isa = PBXFileReference; fileEncoding = 4; lastKnownFileType = sourcecode.swift; path = BackgroundGradient.swift; sourceTree = "<group>"; };
		FDDE44452752758A00848C46 /* Blur.swift */ = {isa = PBXFileReference; fileEncoding = 4; lastKnownFileType = sourcecode.swift; path = Blur.swift; sourceTree = "<group>"; };
		FDDE44462752758A00848C46 /* Blurhash.swift */ = {isa = PBXFileReference; fileEncoding = 4; lastKnownFileType = sourcecode.swift; path = Blurhash.swift; sourceTree = "<group>"; };
		FDDE44472752758A00848C46 /* AsyncImg.swift */ = {isa = PBXFileReference; fileEncoding = 4; lastKnownFileType = sourcecode.swift; path = AsyncImg.swift; sourceTree = "<group>"; };
		FDDE44482752758A00848C46 /* UserAvatarView.swift */ = {isa = PBXFileReference; fileEncoding = 4; lastKnownFileType = sourcecode.swift; path = UserAvatarView.swift; sourceTree = "<group>"; };
		FDDE444A2752758A00848C46 /* AlertObject.swift */ = {isa = PBXFileReference; fileEncoding = 4; lastKnownFileType = sourcecode.swift; path = AlertObject.swift; sourceTree = "<group>"; };
		FDDE444B2752758A00848C46 /* Alerts.swift */ = {isa = PBXFileReference; fileEncoding = 4; lastKnownFileType = sourcecode.swift; path = Alerts.swift; sourceTree = "<group>"; };
		FDDE444C2752758A00848C46 /* Alert View Extension.swift */ = {isa = PBXFileReference; fileEncoding = 4; lastKnownFileType = sourcecode.swift; path = "Alert View Extension.swift"; sourceTree = "<group>"; };
		FDDE444D2752758A00848C46 /* ButtonArea.swift */ = {isa = PBXFileReference; fileEncoding = 4; lastKnownFileType = sourcecode.swift; path = ButtonArea.swift; sourceTree = "<group>"; };
		FDDE444E2752758A00848C46 /* CustomButton.swift */ = {isa = PBXFileReference; fileEncoding = 4; lastKnownFileType = sourcecode.swift; path = CustomButton.swift; sourceTree = "<group>"; };
		FDDE44502752758A00848C46 /* PeopleCard.swift */ = {isa = PBXFileReference; fileEncoding = 4; lastKnownFileType = sourcecode.swift; path = PeopleCard.swift; sourceTree = "<group>"; };
		FDDE44512752758A00848C46 /* PeopleCardRow.swift */ = {isa = PBXFileReference; fileEncoding = 4; lastKnownFileType = sourcecode.swift; path = PeopleCardRow.swift; sourceTree = "<group>"; };
		FDDE44522752758A00848C46 /* PlayButton.swift */ = {isa = PBXFileReference; fileEncoding = 4; lastKnownFileType = sourcecode.swift; path = PlayButton.swift; sourceTree = "<group>"; };
		FDDE44532752758A00848C46 /* MainView.swift */ = {isa = PBXFileReference; fileEncoding = 4; lastKnownFileType = sourcecode.swift; path = MainView.swift; sourceTree = "<group>"; };
		FDDE44562752758A00848C46 /* PreferencesView.swift */ = {isa = PBXFileReference; fileEncoding = 4; lastKnownFileType = sourcecode.swift; path = PreferencesView.swift; sourceTree = "<group>"; };
		FDDE44572752758A00848C46 /* Preferences+ClientView.swift */ = {isa = PBXFileReference; fileEncoding = 4; lastKnownFileType = sourcecode.swift; path = "Preferences+ClientView.swift"; sourceTree = "<group>"; };
		FDDE44582752758A00848C46 /* PreferencesViewDelegate.swift */ = {isa = PBXFileReference; fileEncoding = 4; lastKnownFileType = sourcecode.swift; path = PreferencesViewDelegate.swift; sourceTree = "<group>"; };
		FDDE445A2752758A00848C46 /* InfoRow.swift */ = {isa = PBXFileReference; fileEncoding = 4; lastKnownFileType = sourcecode.swift; path = InfoRow.swift; sourceTree = "<group>"; };
		FDDE445B2752758A00848C46 /* ReportAProblemView.swift */ = {isa = PBXFileReference; fileEncoding = 4; lastKnownFileType = sourcecode.swift; path = ReportAProblemView.swift; sourceTree = "<group>"; };
		FDDE445C2752758A00848C46 /* ToggleRow.swift */ = {isa = PBXFileReference; fileEncoding = 4; lastKnownFileType = sourcecode.swift; path = ToggleRow.swift; sourceTree = "<group>"; };
		FDDE445D2752758A00848C46 /* Preferences+InfoView.swift */ = {isa = PBXFileReference; fileEncoding = 4; lastKnownFileType = sourcecode.swift; path = "Preferences+InfoView.swift"; sourceTree = "<group>"; };
		FDDE445E2752758A00848C46 /* Preferences+DebugView.swift */ = {isa = PBXFileReference; fileEncoding = 4; lastKnownFileType = sourcecode.swift; path = "Preferences+DebugView.swift"; sourceTree = "<group>"; };
		FDDE44602752758A00848C46 /* PlayerUIView.swift */ = {isa = PBXFileReference; fileEncoding = 4; lastKnownFileType = sourcecode.swift; path = PlayerUIView.swift; sourceTree = "<group>"; };
		FDDE44622752758A00848C46 /* PlayerDelegate.swift */ = {isa = PBXFileReference; fileEncoding = 4; lastKnownFileType = sourcecode.swift; path = PlayerDelegate.swift; sourceTree = "<group>"; };
		FDDE44632752758A00848C46 /* PlayerDelegate+Actions.swift */ = {isa = PBXFileReference; fileEncoding = 4; lastKnownFileType = sourcecode.swift; path = "PlayerDelegate+Actions.swift"; sourceTree = "<group>"; };
		FDDE44642752758A00848C46 /* PlayerDelegate+PlayerControl.swift */ = {isa = PBXFileReference; fileEncoding = 4; lastKnownFileType = sourcecode.swift; path = "PlayerDelegate+PlayerControl.swift"; sourceTree = "<group>"; };
		FDDE44652752758A00848C46 /* PlayerViewContainer.swift */ = {isa = PBXFileReference; fileEncoding = 4; lastKnownFileType = sourcecode.swift; path = PlayerViewContainer.swift; sourceTree = "<group>"; };
		FDDE44672752758A00848C46 /* PlayerControllsView.swift */ = {isa = PBXFileReference; fileEncoding = 4; lastKnownFileType = sourcecode.swift; path = PlayerControllsView.swift; sourceTree = "<group>"; };
		FDDE44682752758A00848C46 /* PlaybackBar.swift */ = {isa = PBXFileReference; fileEncoding = 4; lastKnownFileType = sourcecode.swift; path = PlaybackBar.swift; sourceTree = "<group>"; };
		FDDE446A2752758A00848C46 /* DetailView.swift */ = {isa = PBXFileReference; fileEncoding = 4; lastKnownFileType = sourcecode.swift; path = DetailView.swift; sourceTree = "<group>"; };
		FDDE446B2752758A00848C46 /* SeasonAndEpisodeView.swift */ = {isa = PBXFileReference; fileEncoding = 4; lastKnownFileType = sourcecode.swift; path = SeasonAndEpisodeView.swift; sourceTree = "<group>"; };
		FDDE446C2752758A00848C46 /* DetailViewDelegate.swift */ = {isa = PBXFileReference; fileEncoding = 4; lastKnownFileType = sourcecode.swift; path = DetailViewDelegate.swift; sourceTree = "<group>"; };
		FDDE446E2752758A00848C46 /* MediaCollectionView.swift */ = {isa = PBXFileReference; fileEncoding = 4; lastKnownFileType = sourcecode.swift; path = MediaCollectionView.swift; sourceTree = "<group>"; };
		FDDE446F2752758A00848C46 /* MediaCollectionViewDelegate.swift */ = {isa = PBXFileReference; fileEncoding = 4; lastKnownFileType = sourcecode.swift; path = MediaCollectionViewDelegate.swift; sourceTree = "<group>"; };
		FDDE44702752758A00848C46 /* UpdateNotice.swift */ = {isa = PBXFileReference; fileEncoding = 4; lastKnownFileType = sourcecode.swift; path = UpdateNotice.swift; sourceTree = "<group>"; };
		FDDE44712752758A00848C46 /* PrivacyDisclaimer.swift */ = {isa = PBXFileReference; fileEncoding = 4; lastKnownFileType = sourcecode.swift; path = PrivacyDisclaimer.swift; sourceTree = "<group>"; };
		FDDE44732752758A00848C46 /* SearchView.swift */ = {isa = PBXFileReference; fileEncoding = 4; lastKnownFileType = sourcecode.swift; path = SearchView.swift; sourceTree = "<group>"; };
		FDDE44742752758A00848C46 /* SearchViewDelegate.swift */ = {isa = PBXFileReference; fileEncoding = 4; lastKnownFileType = sourcecode.swift; path = SearchViewDelegate.swift; sourceTree = "<group>"; };
		FDDE44762752758A00848C46 /* LibraryViewDelegate.swift */ = {isa = PBXFileReference; fileEncoding = 4; lastKnownFileType = sourcecode.swift; path = LibraryViewDelegate.swift; sourceTree = "<group>"; };
		FDDE44772752758A00848C46 /* LibraryView.swift */ = {isa = PBXFileReference; fileEncoding = 4; lastKnownFileType = sourcecode.swift; path = LibraryView.swift; sourceTree = "<group>"; };
		FDDE44792752758A00848C46 /* AuthenticationView.swift */ = {isa = PBXFileReference; fileEncoding = 4; lastKnownFileType = sourcecode.swift; path = AuthenticationView.swift; sourceTree = "<group>"; };
		FDDE447A2752758A00848C46 /* AuthenticationViewDelegate.swift */ = {isa = PBXFileReference; fileEncoding = 4; lastKnownFileType = sourcecode.swift; path = AuthenticationViewDelegate.swift; sourceTree = "<group>"; };
		FDDE44B02752758D00848C46 /* PosterType.swift */ = {isa = PBXFileReference; fileEncoding = 4; lastKnownFileType = sourcecode.swift; path = PosterType.swift; sourceTree = "<group>"; };
		FDDE44B12752758D00848C46 /* BetaFlag.swift */ = {isa = PBXFileReference; fileEncoding = 4; lastKnownFileType = sourcecode.swift; path = BetaFlag.swift; sourceTree = "<group>"; };
		FDDE44B22752758D00848C46 /* Version.swift */ = {isa = PBXFileReference; fileEncoding = 4; lastKnownFileType = sourcecode.swift; path = Version.swift; sourceTree = "<group>"; };
		FDDE44B32752758D00848C46 /* Tabs.swift */ = {isa = PBXFileReference; fileEncoding = 4; lastKnownFileType = sourcecode.swift; path = Tabs.swift; sourceTree = "<group>"; };
		FDDE44B42752758D00848C46 /* PreferenceStore.swift */ = {isa = PBXFileReference; fileEncoding = 4; lastKnownFileType = sourcecode.swift; path = PreferenceStore.swift; sourceTree = "<group>"; };
		FDDE44B52752758D00848C46 /* CollectionGrouping.swift */ = {isa = PBXFileReference; fileEncoding = 4; lastKnownFileType = sourcecode.swift; path = CollectionGrouping.swift; sourceTree = "<group>"; };
		FDDE44B62752758D00848C46 /* SessionStore.swift */ = {isa = PBXFileReference; fileEncoding = 4; lastKnownFileType = sourcecode.swift; path = SessionStore.swift; sourceTree = "<group>"; };
		FDDE44B72752758D00848C46 /* ViewDelegate.swift */ = {isa = PBXFileReference; fileEncoding = 4; lastKnownFileType = sourcecode.swift; path = ViewDelegate.swift; sourceTree = "<group>"; };
		FDDE44B82752758D00848C46 /* Jellyfin.swift */ = {isa = PBXFileReference; fileEncoding = 4; lastKnownFileType = sourcecode.swift; path = Jellyfin.swift; sourceTree = "<group>"; };
		FDDE44B92752758D00848C46 /* Tab.swift */ = {isa = PBXFileReference; fileEncoding = 4; lastKnownFileType = sourcecode.swift; path = Tab.swift; sourceTree = "<group>"; };
		FDDE44C62752764200848C46 /* Constants.swift */ = {isa = PBXFileReference; fileEncoding = 4; lastKnownFileType = sourcecode.swift; path = Constants.swift; sourceTree = "<group>"; };
		FDDE44C72752764200848C46 /* CommandLineArguments.swift */ = {isa = PBXFileReference; fileEncoding = 4; lastKnownFileType = sourcecode.swift; path = CommandLineArguments.swift; sourceTree = "<group>"; };
		FDDE44C82752764200848C46 /* Constants.plist */ = {isa = PBXFileReference; fileEncoding = 4; lastKnownFileType = text.plist.xml; path = Constants.plist; sourceTree = "<group>"; };
		FDDE44CC2752765200848C46 /* ABJC.entitlements */ = {isa = PBXFileReference; lastKnownFileType = text.plist.entitlements; path = ABJC.entitlements; sourceTree = "<group>"; };
		FDDE44CE2752765200848C46 /* TVServices.framework */ = {isa = PBXFileReference; lastKnownFileType = wrapper.framework; name = TVServices.framework; path = System/Library/Frameworks/TVServices.framework; sourceTree = SDKROOT; };
		FDDE44E12752783500848C46 /* UDPBroadcast.swift */ = {isa = PBXFileReference; fileEncoding = 4; lastKnownFileType = sourcecode.swift; path = UDPBroadcast.swift; sourceTree = "<group>"; };
		FDDE44E22752783500848C46 /* ServerDiscovery.swift */ = {isa = PBXFileReference; fileEncoding = 4; lastKnownFileType = sourcecode.swift; path = ServerDiscovery.swift; sourceTree = "<group>"; };
		FDDE44E527527B4C00848C46 /* PreferencesUITests.swift */ = {isa = PBXFileReference; fileEncoding = 4; lastKnownFileType = sourcecode.swift; path = PreferencesUITests.swift; sourceTree = "<group>"; };
		FDDE44E627527B4C00848C46 /* LibraryUITests.swift */ = {isa = PBXFileReference; fileEncoding = 4; lastKnownFileType = sourcecode.swift; path = LibraryUITests.swift; sourceTree = "<group>"; };
		FDDE44E727527B4C00848C46 /* UITestConstants.swift */ = {isa = PBXFileReference; fileEncoding = 4; lastKnownFileType = sourcecode.swift; path = UITestConstants.swift; sourceTree = "<group>"; };
		FDDE44E827527B4C00848C46 /* UITestExtensions.swift */ = {isa = PBXFileReference; fileEncoding = 4; lastKnownFileType = sourcecode.swift; path = UITestExtensions.swift; sourceTree = "<group>"; };
		FDDE44E927527B4C00848C46 /* GeneralUITests.swift */ = {isa = PBXFileReference; fileEncoding = 4; lastKnownFileType = sourcecode.swift; path = GeneralUITests.swift; sourceTree = "<group>"; };
		FDDE44EA27527B4C00848C46 /* UITestHelpers.swift */ = {isa = PBXFileReference; fileEncoding = 4; lastKnownFileType = sourcecode.swift; path = UITestHelpers.swift; sourceTree = "<group>"; };
		FDDE44EB27527B4C00848C46 /* PlaybackUITests.swift */ = {isa = PBXFileReference; fileEncoding = 4; lastKnownFileType = sourcecode.swift; path = PlaybackUITests.swift; sourceTree = "<group>"; };
		FDDE44EC27527B4C00848C46 /* AuthenticationUITests.swift */ = {isa = PBXFileReference; fileEncoding = 4; lastKnownFileType = sourcecode.swift; path = AuthenticationUITests.swift; sourceTree = "<group>"; };
		FDDE44FF27527B6F00848C46 /* Snapshots.xctest */ = {isa = PBXFileReference; explicitFileType = wrapper.cfbundle; includeInIndex = 0; path = Snapshots.xctest; sourceTree = BUILT_PRODUCTS_DIR; };
		FDDE450127527B6F00848C46 /* Snapshots.swift */ = {isa = PBXFileReference; lastKnownFileType = sourcecode.swift; path = Snapshots.swift; sourceTree = "<group>"; };
		FDDE450827527B7900848C46 /* SnapshotHelper.swift */ = {isa = PBXFileReference; fileEncoding = 4; lastKnownFileType = sourcecode.swift; path = SnapshotHelper.swift; sourceTree = "<group>"; };
		FE334F55651423A36FB4876A /* Pods-ABJC.debug.xcconfig */ = {isa = PBXFileReference; includeInIndex = 1; lastKnownFileType = text.xcconfig; name = "Pods-ABJC.debug.xcconfig"; path = "Target Support Files/Pods-ABJC/Pods-ABJC.debug.xcconfig"; sourceTree = "<group>"; };
/* End PBXFileReference section */

/* Begin PBXFrameworksBuildPhase section */
		FDDE43C42752749C00848C46 /* Frameworks */ = {
			isa = PBXFrameworksBuildPhase;
			buildActionMask = 2147483647;
			files = (
				FDDE44D22752767F00848C46 /* SwiftUICollection in Frameworks */,
				FDDE44DB2752769F00848C46 /* ABJCAnalytics in Frameworks */,
				FDDE44D52752768B00848C46 /* AnyCodable in Frameworks */,
				FDDE44DE275276AA00848C46 /* Puppy in Frameworks */,
				FDDE44D82752769200848C46 /* JellyfinAPI in Frameworks */,
				FDDE44CF2752765200848C46 /* TVServices.framework in Frameworks */,
				BE51B6A6BF4A8D65E911614F /* Pods_ABJC.framework in Frameworks */,
			);
			runOnlyForDeploymentPostprocessing = 0;
		};
		FDDE43E32752749D00848C46 /* Frameworks */ = {
			isa = PBXFrameworksBuildPhase;
			buildActionMask = 2147483647;
			files = (
				59C50B4A7BAF68271458827E /* Pods_ABJC_ABJCUITests.framework in Frameworks */,
			);
			runOnlyForDeploymentPostprocessing = 0;
		};
		FDDE44FC27527B6F00848C46 /* Frameworks */ = {
			isa = PBXFrameworksBuildPhase;
			buildActionMask = 2147483647;
			files = (
			);
			runOnlyForDeploymentPostprocessing = 0;
		};
/* End PBXFrameworksBuildPhase section */

/* Begin PBXGroup section */
		A50B0D536E825375BE0B031F /* Pods */ = {
			isa = PBXGroup;
			children = (
				FE334F55651423A36FB4876A /* Pods-ABJC.debug.xcconfig */,
				9359697296F03C5927B8C942 /* Pods-ABJC.release.xcconfig */,
				0A20BAEF03B9F5239FB5B245 /* Pods-ABJC-ABJCUITests.debug.xcconfig */,
				E53633B0A9B385512FA4366A /* Pods-ABJC-ABJCUITests.release.xcconfig */,
				2B0D4597C9EB5F053EA6E734 /* Pods-ABJCTests.debug.xcconfig */,
				3694A472AC38752CBC285079 /* Pods-ABJCTests.release.xcconfig */,
			);
			path = Pods;
			sourceTree = "<group>";
		};
		FDDE43BE2752749C00848C46 = {
			isa = PBXGroup;
			children = (
				FDDE44C52752763400848C46 /* Shared */,
				FDDE43C92752749C00848C46 /* ABJC */,
				FDDE43DF2752749D00848C46 /* ABJCTests */,
				FDDE43E92752749D00848C46 /* ABJCUITests */,
				FDDE450027527B6F00848C46 /* Snapshots */,
				FDDE43C82752749C00848C46 /* Products */,
				FDDE44CD2752765200848C46 /* Frameworks */,
				A50B0D536E825375BE0B031F /* Pods */,
			);
			sourceTree = "<group>";
		};
		FDDE43C82752749C00848C46 /* Products */ = {
			isa = PBXGroup;
			children = (
				FDDE43C72752749C00848C46 /* ABJC.app */,
				FDDE43E62752749D00848C46 /* ABJCUITests.xctest */,
				FDDE44FF27527B6F00848C46 /* Snapshots.xctest */,
			);
			name = Products;
			sourceTree = "<group>";
		};
		FDDE43C92752749C00848C46 /* ABJC */ = {
			isa = PBXGroup;
			children = (
				FDA36D982753D5090051718A /* Info.plist */,
				FDDE44CC2752765200848C46 /* ABJC.entitlements */,
				FDDE43CA2752749C00848C46 /* ABJCApp.swift */,
				FDDE43CE2752749D00848C46 /* Assets.xcassets */,
				FDDE44DF2752782900848C46 /* Additional Logic */,
				FDDE44122752752B00848C46 /* Foundation Extensions */,
				FDDE43FB275274E000848C46 /* JellyfinAPI Extensions */,
				FDDE440D2752750F00848C46 /* TVVLCKit Extensions */,
				FDDE44152752753F00848C46 /* Analytics */,
				FDDE442E2752756C00848C46 /* Logging */,
				FDDE44292752755100848C46 /* AppConfiguration */,
				FDDE44AE2752758D00848C46 /* Stores */,
				FDDE44352752758A00848C46 /* UI */,
				FDDE44C42752759800848C46 /* CoreData */,
				FDDE43D02752749D00848C46 /* Preview Content */,
			);
			path = ABJC;
			sourceTree = "<group>";
		};
		FDDE43D02752749D00848C46 /* Preview Content */ = {
			isa = PBXGroup;
			children = (
				FDDE43D12752749D00848C46 /* Preview Assets.xcassets */,
			);
			path = "Preview Content";
			sourceTree = "<group>";
		};
		FDDE43DF2752749D00848C46 /* ABJCTests */ = {
			isa = PBXGroup;
			children = (
				FDDE43E02752749D00848C46 /* ABJCTests.swift */,
			);
			path = ABJCTests;
			sourceTree = "<group>";
		};
		FDDE43E92752749D00848C46 /* ABJCUITests */ = {
			isa = PBXGroup;
			children = (
				FDDE44EC27527B4C00848C46 /* AuthenticationUITests.swift */,
				FDDE44E927527B4C00848C46 /* GeneralUITests.swift */,
				FDDE44E627527B4C00848C46 /* LibraryUITests.swift */,
				FDDE44EB27527B4C00848C46 /* PlaybackUITests.swift */,
				FDDE44E527527B4C00848C46 /* PreferencesUITests.swift */,
				FDDE44E727527B4C00848C46 /* UITestConstants.swift */,
				FDDE44E827527B4C00848C46 /* UITestExtensions.swift */,
				FDDE44EA27527B4C00848C46 /* UITestHelpers.swift */,
			);
			path = ABJCUITests;
			sourceTree = "<group>";
		};
		FDDE43FB275274E000848C46 /* JellyfinAPI Extensions */ = {
			isa = PBXGroup;
			children = (
				FDDE43FC275274ED00848C46 /* BaseItemDto.swift */,
				FDDE43FD275274ED00848C46 /* ItemType.swift */,
				FDDE4400275274F600848C46 /* Device & Capabilities */,
			);
			path = "JellyfinAPI Extensions";
			sourceTree = "<group>";
		};
		FDDE4400275274F600848C46 /* Device & Capabilities */ = {
			isa = PBXGroup;
			children = (
				FDDE4401275274F600848C46 /* DeviceProfile.swift */,
				FDDE4402275274F600848C46 /* CodecProfile.swift */,
				FDDE4403275274F600848C46 /* DirectPlayProfile.swift */,
				FDDE4404275274F600848C46 /* PlayConstants.swift */,
				FDDE4405275274F600848C46 /* Device.swift */,
				FDDE4406275274F600848C46 /* TranscodingProfile.swift */,
			);
			path = "Device & Capabilities";
			sourceTree = "<group>";
		};
		FDDE440D2752750F00848C46 /* TVVLCKit Extensions */ = {
			isa = PBXGroup;
			children = (
				FDDE440E2752750F00848C46 /* VLCMediaPlayer+Tracks.swift */,
				FDDE440F2752750F00848C46 /* VLCMediaPlayerState.swift */,
			);
			path = "TVVLCKit Extensions";
			sourceTree = "<group>";
		};
		FDDE44122752752B00848C46 /* Foundation Extensions */ = {
			isa = PBXGroup;
			children = (
				FDDE44132752753200848C46 /* Array+get.swift */,
			);
			path = "Foundation Extensions";
			sourceTree = "<group>";
		};
		FDDE44152752753F00848C46 /* Analytics */ = {
			isa = PBXGroup;
			children = (
				FDDE44192752753F00848C46 /* Data Extensions */,
				FDDE44162752753F00848C46 /* AnalyticsEngines.swift */,
				FDDE44172752753F00848C46 /* AnalyticsEvents.swift */,
				FDDE44182752753F00848C46 /* ViewIdentifier.swift */,
				FDDE441F2752753F00848C46 /* DeviceInfo.swift */,
			);
			path = Analytics;
			sourceTree = "<group>";
		};
		FDDE44192752753F00848C46 /* Data Extensions */ = {
			isa = PBXGroup;
			children = (
				FDDE441A2752753F00848C46 /* AppError.swift */,
				FDDE441B2752753F00848C46 /* VLCPlayer.swift */,
				FDDE441C2752753F00848C46 /* SourceCodeAttachement.swift */,
				FDDE441D2752753F00848C46 /* NetworkError.swift */,
				FDDE441E2752753F00848C46 /* PreferenceStore+summary.swift */,
			);
			path = "Data Extensions";
			sourceTree = "<group>";
		};
		FDDE44292752755100848C46 /* AppConfiguration */ = {
			isa = PBXGroup;
			children = (
				FDDE442A2752755100848C46 /* AppConfiguration.swift */,
				FDDE442B2752755100848C46 /* AppEnvironment.swift */,
			);
			path = AppConfiguration;
			sourceTree = "<group>";
		};
		FDDE442E2752756C00848C46 /* Logging */ = {
			isa = PBXGroup;
			children = (
				FDDE442F2752756C00848C46 /* Logger.swift */,
				FDDE44302752756C00848C46 /* LogFormatter.swift */,
				FDDE44312752756C00848C46 /* LogFileRotationDelegate.swift */,
			);
			path = Logging;
			sourceTree = "<group>";
		};
		FDDE44352752758A00848C46 /* UI */ = {
			isa = PBXGroup;
			children = (
				FDDE44532752758A00848C46 /* MainView.swift */,
				FDDE44362752758A00848C46 /* Modifiers */,
				FDDE443A2752758A00848C46 /* Extensions */,
				FDDE443D2752758A00848C46 /* Components */,
				FDDE44542752758A00848C46 /* Views */,
			);
			path = UI;
			sourceTree = "<group>";
		};
		FDDE44362752758A00848C46 /* Modifiers */ = {
			isa = PBXGroup;
			children = (
				FDDE44372752758A00848C46 /* ViewModifiers.swift */,
				FDDE44382752758A00848C46 /* DragGestureActions.swift */,
				FDDE44392752758A00848C46 /* MoveCommandModifiers.swift */,
			);
			path = Modifiers;
			sourceTree = "<group>";
		};
		FDDE443A2752758A00848C46 /* Extensions */ = {
			isa = PBXGroup;
			children = (
				FDDE443B2752758A00848C46 /* ImageBrightness.swift */,
				FDDE443C2752758A00848C46 /* BlurhashDecode.swift */,
			);
			path = Extensions;
			sourceTree = "<group>";
		};
		FDDE443D2752758A00848C46 /* Components */ = {
			isa = PBXGroup;
			children = (
				FDDE443E2752758A00848C46 /* Shelf, Rows & Cards */,
				FDDE44432752758A00848C46 /* Materials */,
				FDDE44462752758A00848C46 /* Blurhash.swift */,
				FDDE44472752758A00848C46 /* AsyncImg.swift */,
				FDDE44482752758A00848C46 /* UserAvatarView.swift */,
				FDDE44492752758A00848C46 /* Alert */,
				FDDE444D2752758A00848C46 /* ButtonArea.swift */,
				FDDE444E2752758A00848C46 /* CustomButton.swift */,
				FDDE444F2752758A00848C46 /* PeopleRow */,
				FDDE44522752758A00848C46 /* PlayButton.swift */,
			);
			path = Components;
			sourceTree = "<group>";
		};
		FDDE443E2752758A00848C46 /* Shelf, Rows & Cards */ = {
			isa = PBXGroup;
			children = (
				FDDE443F2752758A00848C46 /* MediaCardRow.swift */,
				FDDE44402752758A00848C46 /* MediaCard.swift */,
				FDDE44412752758A00848C46 /* Shelf.swift */,
				FDDE44422752758A00848C46 /* MediaViewDelegate.swift */,
			);
			path = "Shelf, Rows & Cards";
			sourceTree = "<group>";
		};
		FDDE44432752758A00848C46 /* Materials */ = {
			isa = PBXGroup;
			children = (
				FDDE44442752758A00848C46 /* BackgroundGradient.swift */,
				FDDE44452752758A00848C46 /* Blur.swift */,
			);
			path = Materials;
			sourceTree = "<group>";
		};
		FDDE44492752758A00848C46 /* Alert */ = {
			isa = PBXGroup;
			children = (
				FDDE444A2752758A00848C46 /* AlertObject.swift */,
				FDDE444B2752758A00848C46 /* Alerts.swift */,
				FDDE444C2752758A00848C46 /* Alert View Extension.swift */,
			);
			path = Alert;
			sourceTree = "<group>";
		};
		FDDE444F2752758A00848C46 /* PeopleRow */ = {
			isa = PBXGroup;
			children = (
				FDDE44502752758A00848C46 /* PeopleCard.swift */,
				FDDE44512752758A00848C46 /* PeopleCardRow.swift */,
			);
			path = PeopleRow;
			sourceTree = "<group>";
		};
		FDDE44542752758A00848C46 /* Views */ = {
			isa = PBXGroup;
			children = (
				FDDE44702752758A00848C46 /* UpdateNotice.swift */,
				FDDE44712752758A00848C46 /* PrivacyDisclaimer.swift */,
				FDDE44552752758A00848C46 /* PreferencesView */,
				FDDE445F2752758A00848C46 /* PlayerView */,
				FDDE44692752758A00848C46 /* DetailView */,
				FDDE446D2752758A00848C46 /* MediaCollectionView */,
				FDDE44722752758A00848C46 /* SearchView */,
				FDDE44752752758A00848C46 /* LibraryView */,
				FDDE44782752758A00848C46 /* AuthenticationView */,
			);
			path = Views;
			sourceTree = "<group>";
		};
		FDDE44552752758A00848C46 /* PreferencesView */ = {
			isa = PBXGroup;
			children = (
				FDDE44562752758A00848C46 /* PreferencesView.swift */,
				FDDE44572752758A00848C46 /* Preferences+ClientView.swift */,
				FDDE44582752758A00848C46 /* PreferencesViewDelegate.swift */,
				FDDE44592752758A00848C46 /* Components */,
				FDDE445D2752758A00848C46 /* Preferences+InfoView.swift */,
				FDDE445E2752758A00848C46 /* Preferences+DebugView.swift */,
			);
			path = PreferencesView;
			sourceTree = "<group>";
		};
		FDDE44592752758A00848C46 /* Components */ = {
			isa = PBXGroup;
			children = (
				FDDE445A2752758A00848C46 /* InfoRow.swift */,
				FDDE445B2752758A00848C46 /* ReportAProblemView.swift */,
				FDDE445C2752758A00848C46 /* ToggleRow.swift */,
			);
			path = Components;
			sourceTree = "<group>";
		};
		FDDE445F2752758A00848C46 /* PlayerView */ = {
			isa = PBXGroup;
			children = (
				FDDE44652752758A00848C46 /* PlayerViewContainer.swift */,
				FDDE44602752758A00848C46 /* PlayerUIView.swift */,
				FDDE44662752758A00848C46 /* Controlls */,
				FDDE44612752758A00848C46 /* PlayerDelegate */,
			);
			path = PlayerView;
			sourceTree = "<group>";
		};
		FDDE44612752758A00848C46 /* PlayerDelegate */ = {
			isa = PBXGroup;
			children = (
				FDDE44622752758A00848C46 /* PlayerDelegate.swift */,
				FDDE44632752758A00848C46 /* PlayerDelegate+Actions.swift */,
				FDDE44642752758A00848C46 /* PlayerDelegate+PlayerControl.swift */,
			);
			path = PlayerDelegate;
			sourceTree = "<group>";
		};
		FDDE44662752758A00848C46 /* Controlls */ = {
			isa = PBXGroup;
			children = (
				FDDE44672752758A00848C46 /* PlayerControllsView.swift */,
				FDDE44682752758A00848C46 /* PlaybackBar.swift */,
				FD566E2627529680002AAEA1 /* SiriRemoteWheel.swift */,
			);
			path = Controlls;
			sourceTree = "<group>";
		};
		FDDE44692752758A00848C46 /* DetailView */ = {
			isa = PBXGroup;
			children = (
				FDDE446A2752758A00848C46 /* DetailView.swift */,
				FDDE446B2752758A00848C46 /* SeasonAndEpisodeView.swift */,
				FDDE446C2752758A00848C46 /* DetailViewDelegate.swift */,
			);
			path = DetailView;
			sourceTree = "<group>";
		};
		FDDE446D2752758A00848C46 /* MediaCollectionView */ = {
			isa = PBXGroup;
			children = (
				FDDE446E2752758A00848C46 /* MediaCollectionView.swift */,
				FDDE446F2752758A00848C46 /* MediaCollectionViewDelegate.swift */,
			);
			path = MediaCollectionView;
			sourceTree = "<group>";
		};
		FDDE44722752758A00848C46 /* SearchView */ = {
			isa = PBXGroup;
			children = (
				FDDE44732752758A00848C46 /* SearchView.swift */,
				FDDE44742752758A00848C46 /* SearchViewDelegate.swift */,
			);
			path = SearchView;
			sourceTree = "<group>";
		};
		FDDE44752752758A00848C46 /* LibraryView */ = {
			isa = PBXGroup;
			children = (
				FDDE44762752758A00848C46 /* LibraryViewDelegate.swift */,
				FDDE44772752758A00848C46 /* LibraryView.swift */,
			);
			path = LibraryView;
			sourceTree = "<group>";
		};
		FDDE44782752758A00848C46 /* AuthenticationView */ = {
			isa = PBXGroup;
			children = (
				FDDE44792752758A00848C46 /* AuthenticationView.swift */,
				FDDE447A2752758A00848C46 /* AuthenticationViewDelegate.swift */,
			);
			path = AuthenticationView;
			sourceTree = "<group>";
		};
		FDDE44AE2752758D00848C46 /* Stores */ = {
			isa = PBXGroup;
			children = (
				FDDE44AF2752758D00848C46 /* Preferences */,
				FDDE44B62752758D00848C46 /* SessionStore.swift */,
				FDDE44B72752758D00848C46 /* ViewDelegate.swift */,
				FDDE44B82752758D00848C46 /* Jellyfin.swift */,
				FDDE44B92752758D00848C46 /* Tab.swift */,
			);
			path = Stores;
			sourceTree = "<group>";
		};
		FDDE44AF2752758D00848C46 /* Preferences */ = {
			isa = PBXGroup;
			children = (
				FDDE44B02752758D00848C46 /* PosterType.swift */,
				FDDE44B12752758D00848C46 /* BetaFlag.swift */,
				FDDE44B22752758D00848C46 /* Version.swift */,
				FDDE44B32752758D00848C46 /* Tabs.swift */,
				FDDE44B42752758D00848C46 /* PreferenceStore.swift */,
				FDDE44B52752758D00848C46 /* CollectionGrouping.swift */,
			);
			path = Preferences;
			sourceTree = "<group>";
		};
		FDDE44C42752759800848C46 /* CoreData */ = {
			isa = PBXGroup;
			children = (
				FDDE43D32752749D00848C46 /* Persistence.swift */,
				FDDE43D52752749D00848C46 /* ABJC.xcdatamodeld */,
			);
			path = CoreData;
			sourceTree = "<group>";
		};
		FDDE44C52752763400848C46 /* Shared */ = {
			isa = PBXGroup;
			children = (
				FDDE44C72752764200848C46 /* CommandLineArguments.swift */,
				FDDE44C82752764200848C46 /* Constants.plist */,
				FDDE44C62752764200848C46 /* Constants.swift */,
			);
			path = Shared;
			sourceTree = "<group>";
		};
		FDDE44CD2752765200848C46 /* Frameworks */ = {
			isa = PBXGroup;
			children = (
				FDDE44CE2752765200848C46 /* TVServices.framework */,
				A1B2728A0CEDBFEB6EB0BA8C /* Pods_ABJC.framework */,
				5F3806C44CC3E54B4D090269 /* Pods_ABJC_ABJCUITests.framework */,
				DEA01BFA8973FEBD4093A600 /* Pods_ABJCTests.framework */,
			);
			name = Frameworks;
			sourceTree = "<group>";
		};
		FDDE44DF2752782900848C46 /* Additional Logic */ = {
			isa = PBXGroup;
			children = (
				FDDE44E02752783500848C46 /* ServerDiscovery */,
				FDDE43F9275274C000848C46 /* CoverArtMatcher.swift */,
			);
			path = "Additional Logic";
			sourceTree = "<group>";
		};
		FDDE44E02752783500848C46 /* ServerDiscovery */ = {
			isa = PBXGroup;
			children = (
				FDDE44E12752783500848C46 /* UDPBroadcast.swift */,
				FDDE44E22752783500848C46 /* ServerDiscovery.swift */,
			);
			path = ServerDiscovery;
			sourceTree = "<group>";
		};
		FDDE450027527B6F00848C46 /* Snapshots */ = {
			isa = PBXGroup;
			children = (
				FDDE450127527B6F00848C46 /* Snapshots.swift */,
				FDDE450827527B7900848C46 /* SnapshotHelper.swift */,
			);
			path = Snapshots;
			sourceTree = "<group>";
		};
/* End PBXGroup section */

/* Begin PBXNativeTarget section */
		FDDE43C62752749C00848C46 /* ABJC */ = {
			isa = PBXNativeTarget;
			buildConfigurationList = FDDE43F02752749D00848C46 /* Build configuration list for PBXNativeTarget "ABJC" */;
			buildPhases = (
				1155B65F1B172BD19DD44F64 /* [CP] Check Pods Manifest.lock */,
				FDDE43C32752749C00848C46 /* Sources */,
				FDDE43C42752749C00848C46 /* Frameworks */,
				FDDE43C52752749C00848C46 /* Resources */,
				CF1945F39BB69FB59697192B /* [CP] Embed Pods Frameworks */,
			);
			buildRules = (
			);
			dependencies = (
			);
			name = ABJC;
			packageProductDependencies = (
				FDDE44D12752767F00848C46 /* SwiftUICollection */,
				FDDE44D42752768B00848C46 /* AnyCodable */,
				FDDE44D72752769200848C46 /* JellyfinAPI */,
				FDDE44DA2752769F00848C46 /* ABJCAnalytics */,
				FDDE44DD275276AA00848C46 /* Puppy */,
			);
			productName = ABJC;
			productReference = FDDE43C72752749C00848C46 /* ABJC.app */;
			productType = "com.apple.product-type.application";
		};
		FDDE43E52752749D00848C46 /* ABJCUITests */ = {
			isa = PBXNativeTarget;
			buildConfigurationList = FDDE43F62752749D00848C46 /* Build configuration list for PBXNativeTarget "ABJCUITests" */;
			buildPhases = (
				F4F68D8F9FCF5E0F907A984C /* [CP] Check Pods Manifest.lock */,
				FDDE43E22752749D00848C46 /* Sources */,
				FDDE43E32752749D00848C46 /* Frameworks */,
				FDDE43E42752749D00848C46 /* Resources */,
				DFDE521E86C8383E8A1D122A /* [CP] Embed Pods Frameworks */,
			);
			buildRules = (
			);
			dependencies = (
				FDDE43E82752749D00848C46 /* PBXTargetDependency */,
			);
			name = ABJCUITests;
			productName = ABJCUITests;
			productReference = FDDE43E62752749D00848C46 /* ABJCUITests.xctest */;
			productType = "com.apple.product-type.bundle.ui-testing";
		};
		FDDE44FE27527B6F00848C46 /* Snapshots */ = {
			isa = PBXNativeTarget;
			buildConfigurationList = FDDE450527527B6F00848C46 /* Build configuration list for PBXNativeTarget "Snapshots" */;
			buildPhases = (
				FDDE44FB27527B6F00848C46 /* Sources */,
				FDDE44FC27527B6F00848C46 /* Frameworks */,
				FDDE44FD27527B6F00848C46 /* Resources */,
			);
			buildRules = (
			);
			dependencies = (
			);
			name = Snapshots;
			productName = Snapshots;
			productReference = FDDE44FF27527B6F00848C46 /* Snapshots.xctest */;
			productType = "com.apple.product-type.bundle.ui-testing";
		};
/* End PBXNativeTarget section */

/* Begin PBXProject section */
		FDDE43BF2752749C00848C46 /* Project object */ = {
			isa = PBXProject;
			attributes = {
				BuildIndependentTargetsInParallel = 1;
				LastSwiftUpdateCheck = 1310;
				LastUpgradeCheck = 1310;
				TargetAttributes = {
					FDDE43C62752749C00848C46 = {
						CreatedOnToolsVersion = 13.1;
					};
					FDDE43E52752749D00848C46 = {
						CreatedOnToolsVersion = 13.1;
						TestTargetID = FDDE43C62752749C00848C46;
					};
					FDDE44FE27527B6F00848C46 = {
						CreatedOnToolsVersion = 13.1;
					};
				};
			};
			buildConfigurationList = FDDE43C22752749C00848C46 /* Build configuration list for PBXProject "ABJC" */;
			compatibilityVersion = "Xcode 13.0";
			developmentRegion = en;
			hasScannedForEncodings = 0;
			knownRegions = (
				en,
				Base,
			);
			mainGroup = FDDE43BE2752749C00848C46;
			packageReferences = (
				FDDE44D02752767F00848C46 /* XCRemoteSwiftPackageReference "SwiftUICollection" */,
				FDDE44D32752768B00848C46 /* XCRemoteSwiftPackageReference "AnyCodable" */,
				FDDE44D62752769200848C46 /* XCRemoteSwiftPackageReference "JellyfinAPI" */,
				FDDE44D92752769F00848C46 /* XCRemoteSwiftPackageReference "Analytics" */,
				FDDE44DC275276AA00848C46 /* XCRemoteSwiftPackageReference "Puppy" */,
			);
			productRefGroup = FDDE43C82752749C00848C46 /* Products */;
			projectDirPath = "";
			projectRoot = "";
			targets = (
				FDDE43C62752749C00848C46 /* ABJC */,
				FDDE43E52752749D00848C46 /* ABJCUITests */,
				FDDE44FE27527B6F00848C46 /* Snapshots */,
			);
		};
/* End PBXProject section */

/* Begin PBXResourcesBuildPhase section */
		FDDE43C52752749C00848C46 /* Resources */ = {
			isa = PBXResourcesBuildPhase;
			buildActionMask = 2147483647;
			files = (
				FDDE43D22752749D00848C46 /* Preview Assets.xcassets in Resources */,
				FDDE43CF2752749D00848C46 /* Assets.xcassets in Resources */,
				FDDE44CB2752764200848C46 /* Constants.plist in Resources */,
			);
			runOnlyForDeploymentPostprocessing = 0;
		};
		FDDE43E42752749D00848C46 /* Resources */ = {
			isa = PBXResourcesBuildPhase;
			buildActionMask = 2147483647;
			files = (
				FDDE44F827527B5D00848C46 /* Constants.plist in Resources */,
			);
			runOnlyForDeploymentPostprocessing = 0;
		};
		FDDE44FD27527B6F00848C46 /* Resources */ = {
			isa = PBXResourcesBuildPhase;
			buildActionMask = 2147483647;
			files = (
			);
			runOnlyForDeploymentPostprocessing = 0;
		};
/* End PBXResourcesBuildPhase section */

/* Begin PBXShellScriptBuildPhase section */
		1155B65F1B172BD19DD44F64 /* [CP] Check Pods Manifest.lock */ = {
			isa = PBXShellScriptBuildPhase;
			buildActionMask = 2147483647;
			files = (
			);
			inputFileListPaths = (
			);
			inputPaths = (
				"${PODS_PODFILE_DIR_PATH}/Podfile.lock",
				"${PODS_ROOT}/Manifest.lock",
			);
			name = "[CP] Check Pods Manifest.lock";
			outputFileListPaths = (
			);
			outputPaths = (
				"$(DERIVED_FILE_DIR)/Pods-ABJC-checkManifestLockResult.txt",
			);
			runOnlyForDeploymentPostprocessing = 0;
			shellPath = /bin/sh;
			shellScript = "diff \"${PODS_PODFILE_DIR_PATH}/Podfile.lock\" \"${PODS_ROOT}/Manifest.lock\" > /dev/null\nif [ $? != 0 ] ; then\n    # print error to STDERR\n    echo \"error: The sandbox is not in sync with the Podfile.lock. Run 'pod install' or update your CocoaPods installation.\" >&2\n    exit 1\nfi\n# This output is used by Xcode 'outputs' to avoid re-running this script phase.\necho \"SUCCESS\" > \"${SCRIPT_OUTPUT_FILE_0}\"\n";
			showEnvVarsInLog = 0;
		};
		CF1945F39BB69FB59697192B /* [CP] Embed Pods Frameworks */ = {
			isa = PBXShellScriptBuildPhase;
			buildActionMask = 2147483647;
			files = (
			);
			inputFileListPaths = (
				"${PODS_ROOT}/Target Support Files/Pods-ABJC/Pods-ABJC-frameworks-${CONFIGURATION}-input-files.xcfilelist",
			);
			name = "[CP] Embed Pods Frameworks";
			outputFileListPaths = (
				"${PODS_ROOT}/Target Support Files/Pods-ABJC/Pods-ABJC-frameworks-${CONFIGURATION}-output-files.xcfilelist",
			);
			runOnlyForDeploymentPostprocessing = 0;
			shellPath = /bin/sh;
			shellScript = "\"${PODS_ROOT}/Target Support Files/Pods-ABJC/Pods-ABJC-frameworks.sh\"\n";
			showEnvVarsInLog = 0;
		};
		DFDE521E86C8383E8A1D122A /* [CP] Embed Pods Frameworks */ = {
			isa = PBXShellScriptBuildPhase;
			buildActionMask = 2147483647;
			files = (
			);
			inputFileListPaths = (
				"${PODS_ROOT}/Target Support Files/Pods-ABJC-ABJCUITests/Pods-ABJC-ABJCUITests-frameworks-${CONFIGURATION}-input-files.xcfilelist",
			);
			name = "[CP] Embed Pods Frameworks";
			outputFileListPaths = (
				"${PODS_ROOT}/Target Support Files/Pods-ABJC-ABJCUITests/Pods-ABJC-ABJCUITests-frameworks-${CONFIGURATION}-output-files.xcfilelist",
			);
			runOnlyForDeploymentPostprocessing = 0;
			shellPath = /bin/sh;
			shellScript = "\"${PODS_ROOT}/Target Support Files/Pods-ABJC-ABJCUITests/Pods-ABJC-ABJCUITests-frameworks.sh\"\n";
			showEnvVarsInLog = 0;
		};
		F4F68D8F9FCF5E0F907A984C /* [CP] Check Pods Manifest.lock */ = {
			isa = PBXShellScriptBuildPhase;
			buildActionMask = 2147483647;
			files = (
			);
			inputFileListPaths = (
			);
			inputPaths = (
				"${PODS_PODFILE_DIR_PATH}/Podfile.lock",
				"${PODS_ROOT}/Manifest.lock",
			);
			name = "[CP] Check Pods Manifest.lock";
			outputFileListPaths = (
			);
			outputPaths = (
				"$(DERIVED_FILE_DIR)/Pods-ABJC-ABJCUITests-checkManifestLockResult.txt",
			);
			runOnlyForDeploymentPostprocessing = 0;
			shellPath = /bin/sh;
			shellScript = "diff \"${PODS_PODFILE_DIR_PATH}/Podfile.lock\" \"${PODS_ROOT}/Manifest.lock\" > /dev/null\nif [ $? != 0 ] ; then\n    # print error to STDERR\n    echo \"error: The sandbox is not in sync with the Podfile.lock. Run 'pod install' or update your CocoaPods installation.\" >&2\n    exit 1\nfi\n# This output is used by Xcode 'outputs' to avoid re-running this script phase.\necho \"SUCCESS\" > \"${SCRIPT_OUTPUT_FILE_0}\"\n";
			showEnvVarsInLog = 0;
		};
/* End PBXShellScriptBuildPhase section */

/* Begin PBXSourcesBuildPhase section */
		FDDE43C32752749C00848C46 /* Sources */ = {
			isa = PBXSourcesBuildPhase;
			buildActionMask = 2147483647;
			files = (
				FDDE448C2752758A00848C46 /* ButtonArea.swift in Sources */,
				FDDE44A52752758A00848C46 /* MediaCollectionViewDelegate.swift in Sources */,
				FDDE44982752758A00848C46 /* Preferences+InfoView.swift in Sources */,
				FDDE44992752758A00848C46 /* Preferences+DebugView.swift in Sources */,
				FDDE44972752758A00848C46 /* ToggleRow.swift in Sources */,
				FDDE43FF275274ED00848C46 /* ItemType.swift in Sources */,
				FDDE449D2752758A00848C46 /* PlayerDelegate+PlayerControl.swift in Sources */,
				FDDE448E2752758A00848C46 /* PeopleCard.swift in Sources */,
				FDDE447C2752758A00848C46 /* DragGestureActions.swift in Sources */,
				FDDE44A02752758A00848C46 /* PlaybackBar.swift in Sources */,
				FDDE447D2752758A00848C46 /* MoveCommandModifiers.swift in Sources */,
				FDDE44802752758A00848C46 /* MediaCardRow.swift in Sources */,
				FDDE44882752758A00848C46 /* UserAvatarView.swift in Sources */,
				FDDE44C12752758D00848C46 /* ViewDelegate.swift in Sources */,
				FDDE449F2752758A00848C46 /* PlayerControllsView.swift in Sources */,
				FDDE44AC2752758A00848C46 /* AuthenticationView.swift in Sources */,
				FDDE44112752750F00848C46 /* VLCMediaPlayerState.swift in Sources */,
				FDDE44932752758A00848C46 /* Preferences+ClientView.swift in Sources */,
				FDDE44262752753F00848C46 /* NetworkError.swift in Sources */,
				FDDE44812752758A00848C46 /* MediaCard.swift in Sources */,
				FDDE44C32752758D00848C46 /* Tab.swift in Sources */,
				FDDE44952752758A00848C46 /* InfoRow.swift in Sources */,
				FDDE44912752758A00848C46 /* MainView.swift in Sources */,
				FDDE44A82752758A00848C46 /* SearchView.swift in Sources */,
				FDDE44A72752758A00848C46 /* PrivacyDisclaimer.swift in Sources */,
				FDDE440A275274F700848C46 /* PlayConstants.swift in Sources */,
				FDDE44242752753F00848C46 /* VLCPlayer.swift in Sources */,
				FDDE44842752758A00848C46 /* BackgroundGradient.swift in Sources */,
				FDDE4408275274F700848C46 /* CodecProfile.swift in Sources */,
				FDDE449B2752758A00848C46 /* PlayerDelegate.swift in Sources */,
				FDDE440B275274F700848C46 /* Device.swift in Sources */,
				FDDE44212752753F00848C46 /* AnalyticsEvents.swift in Sources */,
				FDDE44142752753200848C46 /* Array+get.swift in Sources */,
				FD566E2727529680002AAEA1 /* SiriRemoteWheel.swift in Sources */,
				FDDE44BB2752758D00848C46 /* BetaFlag.swift in Sources */,
				FDDE44202752753F00848C46 /* AnalyticsEngines.swift in Sources */,
				FDDE43D42752749D00848C46 /* Persistence.swift in Sources */,
				FDDE44322752756C00848C46 /* Logger.swift in Sources */,
				FDDE44852752758A00848C46 /* Blur.swift in Sources */,
				FDDE44822752758A00848C46 /* Shelf.swift in Sources */,
				FDDE44942752758A00848C46 /* PreferencesViewDelegate.swift in Sources */,
				FDDE44222752753F00848C46 /* ViewIdentifier.swift in Sources */,
				FDDE44C22752758D00848C46 /* Jellyfin.swift in Sources */,
				FDDE44AA2752758A00848C46 /* LibraryViewDelegate.swift in Sources */,
				FDDE44BF2752758D00848C46 /* CollectionGrouping.swift in Sources */,
				FDDE44AB2752758A00848C46 /* LibraryView.swift in Sources */,
				FDDE447F2752758A00848C46 /* BlurhashDecode.swift in Sources */,
				FDDE44CA2752764200848C46 /* CommandLineArguments.swift in Sources */,
				FDDE44A62752758A00848C46 /* UpdateNotice.swift in Sources */,
				FDDE43FE275274ED00848C46 /* BaseItemDto.swift in Sources */,
				FDDE44272752753F00848C46 /* PreferenceStore+summary.swift in Sources */,
				FDDE44A92752758A00848C46 /* SearchViewDelegate.swift in Sources */,
				FDDE44BC2752758D00848C46 /* Version.swift in Sources */,
				FDDE448A2752758A00848C46 /* Alerts.swift in Sources */,
				FDDE44BE2752758D00848C46 /* PreferenceStore.swift in Sources */,
				FDDE44892752758A00848C46 /* AlertObject.swift in Sources */,
				FDDE449A2752758A00848C46 /* PlayerUIView.swift in Sources */,
				FDDE44A12752758A00848C46 /* DetailView.swift in Sources */,
				FDDE43D72752749D00848C46 /* ABJC.xcdatamodeld in Sources */,
				FDDE44232752753F00848C46 /* AppError.swift in Sources */,
				FDDE44E42752783500848C46 /* ServerDiscovery.swift in Sources */,
				FDDE44BD2752758D00848C46 /* Tabs.swift in Sources */,
				FDDE44A42752758A00848C46 /* MediaCollectionView.swift in Sources */,
				FDDE44962752758A00848C46 /* ReportAProblemView.swift in Sources */,
				FDDE449E2752758A00848C46 /* PlayerViewContainer.swift in Sources */,
				FDDE447B2752758A00848C46 /* ViewModifiers.swift in Sources */,
				FDDE442C2752755100848C46 /* AppConfiguration.swift in Sources */,
				FDDE442D2752755100848C46 /* AppEnvironment.swift in Sources */,
				FDDE44102752750F00848C46 /* VLCMediaPlayer+Tracks.swift in Sources */,
				FDDE44AD2752758A00848C46 /* AuthenticationViewDelegate.swift in Sources */,
				FDDE44252752753F00848C46 /* SourceCodeAttachement.swift in Sources */,
				FDDE4409275274F700848C46 /* DirectPlayProfile.swift in Sources */,
				FDDE448F2752758A00848C46 /* PeopleCardRow.swift in Sources */,
				FDDE440C275274F700848C46 /* TranscodingProfile.swift in Sources */,
				FDDE43FA275274C100848C46 /* CoverArtMatcher.swift in Sources */,
				FDDE44332752756C00848C46 /* LogFormatter.swift in Sources */,
				FDDE448D2752758A00848C46 /* CustomButton.swift in Sources */,
				FDDE44C92752764200848C46 /* Constants.swift in Sources */,
				FDDE43CB2752749C00848C46 /* ABJCApp.swift in Sources */,
				FDDE44A32752758A00848C46 /* DetailViewDelegate.swift in Sources */,
				FDDE447E2752758A00848C46 /* ImageBrightness.swift in Sources */,
				FDDE44E32752783500848C46 /* UDPBroadcast.swift in Sources */,
				FDDE44BA2752758D00848C46 /* PosterType.swift in Sources */,
				FDDE44A22752758A00848C46 /* SeasonAndEpisodeView.swift in Sources */,
				FDDE4407275274F700848C46 /* DeviceProfile.swift in Sources */,
				FDDE44902752758A00848C46 /* PlayButton.swift in Sources */,
				FDDE44282752753F00848C46 /* DeviceInfo.swift in Sources */,
				FDDE44832752758A00848C46 /* MediaViewDelegate.swift in Sources */,
				FDDE44922752758A00848C46 /* PreferencesView.swift in Sources */,
				FDDE449C2752758A00848C46 /* PlayerDelegate+Actions.swift in Sources */,
				FDDE448B2752758A00848C46 /* Alert View Extension.swift in Sources */,
				FDDE44872752758A00848C46 /* AsyncImg.swift in Sources */,
				FDDE44862752758A00848C46 /* Blurhash.swift in Sources */,
				FDDE44C02752758D00848C46 /* SessionStore.swift in Sources */,
				FDDE44342752756C00848C46 /* LogFileRotationDelegate.swift in Sources */,
			);
			runOnlyForDeploymentPostprocessing = 0;
		};
		FDDE43E22752749D00848C46 /* Sources */ = {
			isa = PBXSourcesBuildPhase;
			buildActionMask = 2147483647;
			files = (
				FDDE44EF27527B4C00848C46 /* UITestConstants.swift in Sources */,
				FDDE44F327527B4C00848C46 /* PlaybackUITests.swift in Sources */,
				FDDE44F127527B4C00848C46 /* GeneralUITests.swift in Sources */,
				FDDE44EE27527B4C00848C46 /* LibraryUITests.swift in Sources */,
				FDDE44F927527B5D00848C46 /* CommandLineArguments.swift in Sources */,
				FDDE44FA27527B5D00848C46 /* Constants.swift in Sources */,
				FDDE44F427527B4C00848C46 /* AuthenticationUITests.swift in Sources */,
				FDDE44F027527B4C00848C46 /* UITestExtensions.swift in Sources */,
				FDDE44ED27527B4C00848C46 /* PreferencesUITests.swift in Sources */,
				FDDE44F227527B4C00848C46 /* UITestHelpers.swift in Sources */,
			);
			runOnlyForDeploymentPostprocessing = 0;
		};
		FDDE44FB27527B6F00848C46 /* Sources */ = {
			isa = PBXSourcesBuildPhase;
			buildActionMask = 2147483647;
			files = (
				FDDE450227527B6F00848C46 /* Snapshots.swift in Sources */,
				FDDE450A27527B7A00848C46 /* SnapshotHelper.swift in Sources */,
			);
			runOnlyForDeploymentPostprocessing = 0;
		};
/* End PBXSourcesBuildPhase section */

/* Begin PBXTargetDependency section */
		FDDE43E82752749D00848C46 /* PBXTargetDependency */ = {
			isa = PBXTargetDependency;
			target = FDDE43C62752749C00848C46 /* ABJC */;
			targetProxy = FDDE43E72752749D00848C46 /* PBXContainerItemProxy */;
		};
/* End PBXTargetDependency section */

/* Begin XCBuildConfiguration section */
		FDDE43EE2752749D00848C46 /* Debug */ = {
			isa = XCBuildConfiguration;
			buildSettings = {
				ALWAYS_SEARCH_USER_PATHS = NO;
				CLANG_ANALYZER_NONNULL = YES;
				CLANG_ANALYZER_NUMBER_OBJECT_CONVERSION = YES_AGGRESSIVE;
				CLANG_CXX_LANGUAGE_STANDARD = "gnu++17";
				CLANG_CXX_LIBRARY = "libc++";
				CLANG_ENABLE_MODULES = YES;
				CLANG_ENABLE_OBJC_ARC = YES;
				CLANG_ENABLE_OBJC_WEAK = YES;
				CLANG_WARN_BLOCK_CAPTURE_AUTORELEASING = YES;
				CLANG_WARN_BOOL_CONVERSION = YES;
				CLANG_WARN_COMMA = YES;
				CLANG_WARN_CONSTANT_CONVERSION = YES;
				CLANG_WARN_DEPRECATED_OBJC_IMPLEMENTATIONS = YES;
				CLANG_WARN_DIRECT_OBJC_ISA_USAGE = YES_ERROR;
				CLANG_WARN_DOCUMENTATION_COMMENTS = YES;
				CLANG_WARN_EMPTY_BODY = YES;
				CLANG_WARN_ENUM_CONVERSION = YES;
				CLANG_WARN_INFINITE_RECURSION = YES;
				CLANG_WARN_INT_CONVERSION = YES;
				CLANG_WARN_NON_LITERAL_NULL_CONVERSION = YES;
				CLANG_WARN_OBJC_IMPLICIT_RETAIN_SELF = YES;
				CLANG_WARN_OBJC_LITERAL_CONVERSION = YES;
				CLANG_WARN_OBJC_ROOT_CLASS = YES_ERROR;
				CLANG_WARN_QUOTED_INCLUDE_IN_FRAMEWORK_HEADER = YES;
				CLANG_WARN_RANGE_LOOP_ANALYSIS = YES;
				CLANG_WARN_STRICT_PROTOTYPES = YES;
				CLANG_WARN_SUSPICIOUS_MOVE = YES;
				CLANG_WARN_UNGUARDED_AVAILABILITY = YES_AGGRESSIVE;
				CLANG_WARN_UNREACHABLE_CODE = YES;
				CLANG_WARN__DUPLICATE_METHOD_MATCH = YES;
				COPY_PHASE_STRIP = NO;
				DEBUG_INFORMATION_FORMAT = dwarf;
				ENABLE_STRICT_OBJC_MSGSEND = YES;
				ENABLE_TESTABILITY = YES;
				GCC_C_LANGUAGE_STANDARD = gnu11;
				GCC_DYNAMIC_NO_PIC = NO;
				GCC_NO_COMMON_BLOCKS = YES;
				GCC_OPTIMIZATION_LEVEL = 0;
				GCC_PREPROCESSOR_DEFINITIONS = (
					"DEBUG=1",
					"$(inherited)",
				);
				GCC_WARN_64_TO_32_BIT_CONVERSION = YES;
				GCC_WARN_ABOUT_RETURN_TYPE = YES_ERROR;
				GCC_WARN_UNDECLARED_SELECTOR = YES;
				GCC_WARN_UNINITIALIZED_AUTOS = YES_AGGRESSIVE;
				GCC_WARN_UNUSED_FUNCTION = YES;
				GCC_WARN_UNUSED_VARIABLE = YES;
				MTL_ENABLE_DEBUG_INFO = INCLUDE_SOURCE;
				MTL_FAST_MATH = YES;
				ONLY_ACTIVE_ARCH = YES;
				SDKROOT = appletvos;
				SWIFT_ACTIVE_COMPILATION_CONDITIONS = DEBUG;
				SWIFT_OPTIMIZATION_LEVEL = "-Onone";
				TVOS_DEPLOYMENT_TARGET = 15.0;
			};
			name = Debug;
		};
		FDDE43EF2752749D00848C46 /* Release */ = {
			isa = XCBuildConfiguration;
			buildSettings = {
				ALWAYS_SEARCH_USER_PATHS = NO;
				CLANG_ANALYZER_NONNULL = YES;
				CLANG_ANALYZER_NUMBER_OBJECT_CONVERSION = YES_AGGRESSIVE;
				CLANG_CXX_LANGUAGE_STANDARD = "gnu++17";
				CLANG_CXX_LIBRARY = "libc++";
				CLANG_ENABLE_MODULES = YES;
				CLANG_ENABLE_OBJC_ARC = YES;
				CLANG_ENABLE_OBJC_WEAK = YES;
				CLANG_WARN_BLOCK_CAPTURE_AUTORELEASING = YES;
				CLANG_WARN_BOOL_CONVERSION = YES;
				CLANG_WARN_COMMA = YES;
				CLANG_WARN_CONSTANT_CONVERSION = YES;
				CLANG_WARN_DEPRECATED_OBJC_IMPLEMENTATIONS = YES;
				CLANG_WARN_DIRECT_OBJC_ISA_USAGE = YES_ERROR;
				CLANG_WARN_DOCUMENTATION_COMMENTS = YES;
				CLANG_WARN_EMPTY_BODY = YES;
				CLANG_WARN_ENUM_CONVERSION = YES;
				CLANG_WARN_INFINITE_RECURSION = YES;
				CLANG_WARN_INT_CONVERSION = YES;
				CLANG_WARN_NON_LITERAL_NULL_CONVERSION = YES;
				CLANG_WARN_OBJC_IMPLICIT_RETAIN_SELF = YES;
				CLANG_WARN_OBJC_LITERAL_CONVERSION = YES;
				CLANG_WARN_OBJC_ROOT_CLASS = YES_ERROR;
				CLANG_WARN_QUOTED_INCLUDE_IN_FRAMEWORK_HEADER = YES;
				CLANG_WARN_RANGE_LOOP_ANALYSIS = YES;
				CLANG_WARN_STRICT_PROTOTYPES = YES;
				CLANG_WARN_SUSPICIOUS_MOVE = YES;
				CLANG_WARN_UNGUARDED_AVAILABILITY = YES_AGGRESSIVE;
				CLANG_WARN_UNREACHABLE_CODE = YES;
				CLANG_WARN__DUPLICATE_METHOD_MATCH = YES;
				COPY_PHASE_STRIP = NO;
				DEBUG_INFORMATION_FORMAT = "dwarf-with-dsym";
				ENABLE_NS_ASSERTIONS = NO;
				ENABLE_STRICT_OBJC_MSGSEND = YES;
				GCC_C_LANGUAGE_STANDARD = gnu11;
				GCC_NO_COMMON_BLOCKS = YES;
				GCC_WARN_64_TO_32_BIT_CONVERSION = YES;
				GCC_WARN_ABOUT_RETURN_TYPE = YES_ERROR;
				GCC_WARN_UNDECLARED_SELECTOR = YES;
				GCC_WARN_UNINITIALIZED_AUTOS = YES_AGGRESSIVE;
				GCC_WARN_UNUSED_FUNCTION = YES;
				GCC_WARN_UNUSED_VARIABLE = YES;
				MTL_ENABLE_DEBUG_INFO = NO;
				MTL_FAST_MATH = YES;
				SDKROOT = appletvos;
				SWIFT_COMPILATION_MODE = wholemodule;
				SWIFT_OPTIMIZATION_LEVEL = "-O";
				TVOS_DEPLOYMENT_TARGET = 15.0;
				VALIDATE_PRODUCT = YES;
			};
			name = Release;
		};
		FDDE43F12752749D00848C46 /* Debug */ = {
			isa = XCBuildConfiguration;
			baseConfigurationReference = FE334F55651423A36FB4876A /* Pods-ABJC.debug.xcconfig */;
			buildSettings = {
				ASSETCATALOG_COMPILER_APPICON_NAME = "App Icon & Top Shelf Image";
				ASSETCATALOG_COMPILER_GLOBAL_ACCENT_COLOR_NAME = AccentColor;
				CODE_SIGN_ENTITLEMENTS = ABJC/ABJC.entitlements;
				CODE_SIGN_STYLE = Automatic;
				CURRENT_PROJECT_VERSION = 30;
				DEVELOPMENT_ASSET_PATHS = "\"ABJC/Preview Content\"";
				DEVELOPMENT_TEAM = ME2UKFKL5H;
				ENABLE_PREVIEWS = YES;
				GENERATE_INFOPLIST_FILE = YES;
				INFOPLIST_FILE = ABJC/Info.plist;
				INFOPLIST_KEY_UILaunchScreen_Generation = YES;
				INFOPLIST_KEY_UIUserInterfaceStyle = Automatic;
				LD_RUNPATH_SEARCH_PATHS = (
					"$(inherited)",
					"@executable_path/Frameworks",
				);
				MARKETING_VERSION = 1.0;
				PRODUCT_BUNDLE_IDENTIFIER = com.noahkamara.ABJC;
				PRODUCT_NAME = "$(TARGET_NAME)";
				SWIFT_EMIT_LOC_STRINGS = YES;
				SWIFT_VERSION = 5.0;
				TARGETED_DEVICE_FAMILY = 3;
			};
			name = Debug;
		};
		FDDE43F22752749D00848C46 /* Release */ = {
			isa = XCBuildConfiguration;
			baseConfigurationReference = 9359697296F03C5927B8C942 /* Pods-ABJC.release.xcconfig */;
			buildSettings = {
				ASSETCATALOG_COMPILER_APPICON_NAME = "App Icon & Top Shelf Image";
				ASSETCATALOG_COMPILER_GLOBAL_ACCENT_COLOR_NAME = AccentColor;
				CODE_SIGN_ENTITLEMENTS = ABJC/ABJC.entitlements;
				CODE_SIGN_STYLE = Automatic;
				CURRENT_PROJECT_VERSION = 30;
				DEVELOPMENT_ASSET_PATHS = "\"ABJC/Preview Content\"";
				DEVELOPMENT_TEAM = ME2UKFKL5H;
				ENABLE_PREVIEWS = YES;
				GENERATE_INFOPLIST_FILE = YES;
				INFOPLIST_FILE = ABJC/Info.plist;
				INFOPLIST_KEY_UILaunchScreen_Generation = YES;
				INFOPLIST_KEY_UIUserInterfaceStyle = Automatic;
				LD_RUNPATH_SEARCH_PATHS = (
					"$(inherited)",
					"@executable_path/Frameworks",
				);
				MARKETING_VERSION = 1.0;
				PRODUCT_BUNDLE_IDENTIFIER = com.noahkamara.ABJC;
				PRODUCT_NAME = "$(TARGET_NAME)";
				SWIFT_EMIT_LOC_STRINGS = YES;
				SWIFT_VERSION = 5.0;
				TARGETED_DEVICE_FAMILY = 3;
			};
			name = Release;
		};
		FDDE43F72752749D00848C46 /* Debug */ = {
			isa = XCBuildConfiguration;
			baseConfigurationReference = 0A20BAEF03B9F5239FB5B245 /* Pods-ABJC-ABJCUITests.debug.xcconfig */;
			buildSettings = {
				ALWAYS_EMBED_SWIFT_STANDARD_LIBRARIES = YES;
				CODE_SIGN_STYLE = Automatic;
				CURRENT_PROJECT_VERSION = 1;
				DEVELOPMENT_TEAM = ME2UKFKL5H;
				GENERATE_INFOPLIST_FILE = YES;
				LD_RUNPATH_SEARCH_PATHS = (
					"$(inherited)",
					"@executable_path/Frameworks",
					"@loader_path/Frameworks",
				);
				MARKETING_VERSION = 1.0;
				PRODUCT_BUNDLE_IDENTIFIER = com.noahkamara.ABJCUITests;
				PRODUCT_NAME = "$(TARGET_NAME)";
				SWIFT_EMIT_LOC_STRINGS = NO;
				SWIFT_VERSION = 5.0;
				TARGETED_DEVICE_FAMILY = 3;
				TEST_TARGET_NAME = ABJC;
			};
			name = Debug;
		};
		FDDE43F82752749D00848C46 /* Release */ = {
			isa = XCBuildConfiguration;
			baseConfigurationReference = E53633B0A9B385512FA4366A /* Pods-ABJC-ABJCUITests.release.xcconfig */;
			buildSettings = {
				ALWAYS_EMBED_SWIFT_STANDARD_LIBRARIES = YES;
				CODE_SIGN_STYLE = Automatic;
				CURRENT_PROJECT_VERSION = 1;
				DEVELOPMENT_TEAM = ME2UKFKL5H;
				GENERATE_INFOPLIST_FILE = YES;
				LD_RUNPATH_SEARCH_PATHS = (
					"$(inherited)",
					"@executable_path/Frameworks",
					"@loader_path/Frameworks",
				);
				MARKETING_VERSION = 1.0;
				PRODUCT_BUNDLE_IDENTIFIER = com.noahkamara.ABJCUITests;
				PRODUCT_NAME = "$(TARGET_NAME)";
				SWIFT_EMIT_LOC_STRINGS = NO;
				SWIFT_VERSION = 5.0;
				TARGETED_DEVICE_FAMILY = 3;
				TEST_TARGET_NAME = ABJC;
			};
			name = Release;
		};
		FDDE450627527B6F00848C46 /* Debug */ = {
			isa = XCBuildConfiguration;
			buildSettings = {
				CODE_SIGN_STYLE = Automatic;
				CURRENT_PROJECT_VERSION = 1;
				DEVELOPMENT_TEAM = ME2UKFKL5H;
				GENERATE_INFOPLIST_FILE = YES;
				IPHONEOS_DEPLOYMENT_TARGET = 15.0;
				LD_RUNPATH_SEARCH_PATHS = (
					"$(inherited)",
					"@executable_path/Frameworks",
					"@loader_path/Frameworks",
				);
				MARKETING_VERSION = 1.0;
				PRODUCT_BUNDLE_IDENTIFIER = com.noahkamara.Snapshots;
				PRODUCT_NAME = "$(TARGET_NAME)";
				SDKROOT = iphoneos;
				SWIFT_EMIT_LOC_STRINGS = NO;
				SWIFT_VERSION = 5.0;
				TARGETED_DEVICE_FAMILY = "1,2";
			};
			name = Debug;
		};
		FDDE450727527B6F00848C46 /* Release */ = {
			isa = XCBuildConfiguration;
			buildSettings = {
				CODE_SIGN_STYLE = Automatic;
				CURRENT_PROJECT_VERSION = 1;
				DEVELOPMENT_TEAM = ME2UKFKL5H;
				GENERATE_INFOPLIST_FILE = YES;
				IPHONEOS_DEPLOYMENT_TARGET = 15.0;
				LD_RUNPATH_SEARCH_PATHS = (
					"$(inherited)",
					"@executable_path/Frameworks",
					"@loader_path/Frameworks",
				);
				MARKETING_VERSION = 1.0;
				PRODUCT_BUNDLE_IDENTIFIER = com.noahkamara.Snapshots;
				PRODUCT_NAME = "$(TARGET_NAME)";
				SDKROOT = iphoneos;
				SWIFT_EMIT_LOC_STRINGS = NO;
				SWIFT_VERSION = 5.0;
				TARGETED_DEVICE_FAMILY = "1,2";
			};
			name = Release;
		};
/* End XCBuildConfiguration section */

/* Begin XCConfigurationList section */
		FDDE43C22752749C00848C46 /* Build configuration list for PBXProject "ABJC" */ = {
			isa = XCConfigurationList;
			buildConfigurations = (
				FDDE43EE2752749D00848C46 /* Debug */,
				FDDE43EF2752749D00848C46 /* Release */,
			);
			defaultConfigurationIsVisible = 0;
			defaultConfigurationName = Release;
		};
		FDDE43F02752749D00848C46 /* Build configuration list for PBXNativeTarget "ABJC" */ = {
			isa = XCConfigurationList;
			buildConfigurations = (
				FDDE43F12752749D00848C46 /* Debug */,
				FDDE43F22752749D00848C46 /* Release */,
			);
			defaultConfigurationIsVisible = 0;
			defaultConfigurationName = Release;
		};
		FDDE43F62752749D00848C46 /* Build configuration list for PBXNativeTarget "ABJCUITests" */ = {
			isa = XCConfigurationList;
			buildConfigurations = (
				FDDE43F72752749D00848C46 /* Debug */,
				FDDE43F82752749D00848C46 /* Release */,
			);
			defaultConfigurationIsVisible = 0;
			defaultConfigurationName = Release;
		};
		FDDE450527527B6F00848C46 /* Build configuration list for PBXNativeTarget "Snapshots" */ = {
			isa = XCConfigurationList;
			buildConfigurations = (
				FDDE450627527B6F00848C46 /* Debug */,
				FDDE450727527B6F00848C46 /* Release */,
			);
			defaultConfigurationIsVisible = 0;
			defaultConfigurationName = Release;
		};
/* End XCConfigurationList section */

/* Begin XCRemoteSwiftPackageReference section */
		FDDE44D02752767F00848C46 /* XCRemoteSwiftPackageReference "SwiftUICollection" */ = {
			isa = XCRemoteSwiftPackageReference;
			repositoryURL = "https://github.com/ABJC/SwiftUICollection";
			requirement = {
				branch = master;
				kind = branch;
			};
		};
		FDDE44D32752768B00848C46 /* XCRemoteSwiftPackageReference "AnyCodable" */ = {
			isa = XCRemoteSwiftPackageReference;
			repositoryURL = "https://github.com/ABJC/AnyCodable";
			requirement = {
				kind = upToNextMajorVersion;
				minimumVersion = 0.6.1;
			};
		};
		FDDE44D62752769200848C46 /* XCRemoteSwiftPackageReference "JellyfinAPI" */ = {
			isa = XCRemoteSwiftPackageReference;
			repositoryURL = "https://github.com/ABJC/JellyfinAPI";
			requirement = {
				branch = main;
				kind = branch;
			};
		};
		FDDE44D92752769F00848C46 /* XCRemoteSwiftPackageReference "Analytics" */ = {
			isa = XCRemoteSwiftPackageReference;
			repositoryURL = "https://github.com/ABJC/Analytics";
			requirement = {
				branch = main;
				kind = branch;
			};
		};
		FDDE44DC275276AA00848C46 /* XCRemoteSwiftPackageReference "Puppy" */ = {
			isa = XCRemoteSwiftPackageReference;
			repositoryURL = "https://github.com/sushichop/Puppy";
			requirement = {
				kind = upToNextMajorVersion;
				minimumVersion = 0.3.1;
			};
		};
/* End XCRemoteSwiftPackageReference section */

/* Begin XCSwiftPackageProductDependency section */
		FDDE44D12752767F00848C46 /* SwiftUICollection */ = {
			isa = XCSwiftPackageProductDependency;
			package = FDDE44D02752767F00848C46 /* XCRemoteSwiftPackageReference "SwiftUICollection" */;
			productName = SwiftUICollection;
		};
		FDDE44D42752768B00848C46 /* AnyCodable */ = {
			isa = XCSwiftPackageProductDependency;
			package = FDDE44D32752768B00848C46 /* XCRemoteSwiftPackageReference "AnyCodable" */;
			productName = AnyCodable;
		};
		FDDE44D72752769200848C46 /* JellyfinAPI */ = {
			isa = XCSwiftPackageProductDependency;
			package = FDDE44D62752769200848C46 /* XCRemoteSwiftPackageReference "JellyfinAPI" */;
			productName = JellyfinAPI;
		};
		FDDE44DA2752769F00848C46 /* ABJCAnalytics */ = {
			isa = XCSwiftPackageProductDependency;
			package = FDDE44D92752769F00848C46 /* XCRemoteSwiftPackageReference "Analytics" */;
			productName = ABJCAnalytics;
		};
		FDDE44DD275276AA00848C46 /* Puppy */ = {
			isa = XCSwiftPackageProductDependency;
			package = FDDE44DC275276AA00848C46 /* XCRemoteSwiftPackageReference "Puppy" */;
			productName = Puppy;
		};
/* End XCSwiftPackageProductDependency section */

/* Begin XCVersionGroup section */
		FDDE43D52752749D00848C46 /* ABJC.xcdatamodeld */ = {
			isa = XCVersionGroup;
			children = (
				FDDE43D62752749D00848C46 /* ABJC.xcdatamodel */,
			);
			currentVersion = FDDE43D62752749D00848C46 /* ABJC.xcdatamodel */;
			path = ABJC.xcdatamodeld;
			sourceTree = "<group>";
			versionGroupType = wrapper.xcdatamodel;
		};
/* End XCVersionGroup section */
	};
	rootObject = FDDE43BF2752749C00848C46 /* Project object */;
}
